// !$*UTF8*$!
{
	archiveVersion = 1;
	classes = {
	};
	objectVersion = 50;
	objects = {

/* Begin PBXBuildFile section */
		A86B1CF23F0228A1D0514DDB /* Pods_Agen_Parkir.framework in Frameworks */ = {isa = PBXBuildFile; fileRef = BB5CE16DE6379B637920EB0D /* Pods_Agen_Parkir.framework */; };
		ED011628223D29DD0047AD40 /* TopupController.swift in Sources */ = {isa = PBXBuildFile; fileRef = ED011627223D29DD0047AD40 /* TopupController.swift */; };
		ED01162A223E7DA30047AD40 /* HistoryModel.swift in Sources */ = {isa = PBXBuildFile; fileRef = ED011629223E7DA30047AD40 /* HistoryModel.swift */; };
		ED01162C223E82650047AD40 /* HistoryCell.swift in Sources */ = {isa = PBXBuildFile; fileRef = ED01162B223E82650047AD40 /* HistoryCell.swift */; };
		ED10ECD1224309530028161E /* TicketDetailController.swift in Sources */ = {isa = PBXBuildFile; fileRef = ED10ECD0224309530028161E /* TicketDetailController.swift */; };
		ED10ECD32243B4780028161E /* TabOngoingController.swift in Sources */ = {isa = PBXBuildFile; fileRef = ED10ECD22243B4780028161E /* TabOngoingController.swift */; };
		ED10ECD52243B8970028161E /* ParkingController.swift in Sources */ = {isa = PBXBuildFile; fileRef = ED10ECD42243B8970028161E /* ParkingController.swift */; };
		ED10ECD72243B8AB0028161E /* TicketingController.swift in Sources */ = {isa = PBXBuildFile; fileRef = ED10ECD62243B8AB0028161E /* TicketingController.swift */; };
		ED1BE8B62237DF6D00FD26A9 /* OngoingController.swift in Sources */ = {isa = PBXBuildFile; fileRef = ED1BE8B52237DF6D00FD26A9 /* OngoingController.swift */; };
		ED1BE8B82237E92900FD26A9 /* OngoingCell.swift in Sources */ = {isa = PBXBuildFile; fileRef = ED1BE8B72237E92900FD26A9 /* OngoingCell.swift */; };
		ED1BE8BA2237ECE400FD26A9 /* OngoingModel.swift in Sources */ = {isa = PBXBuildFile; fileRef = ED1BE8B92237ECE400FD26A9 /* OngoingModel.swift */; };
		ED1BE8BC223877D200FD26A9 /* CustomTimer.swift in Sources */ = {isa = PBXBuildFile; fileRef = ED1BE8BB223877D200FD26A9 /* CustomTimer.swift */; };
		ED2A1AED222FC34E007E09DB /* ImagePickerManager.swift in Sources */ = {isa = PBXBuildFile; fileRef = ED2A1AEC222FC34E007E09DB /* ImagePickerManager.swift */; };
		ED2B0AF5222387ED004AF051 /* AppDelegate.swift in Sources */ = {isa = PBXBuildFile; fileRef = ED2B0AF4222387ED004AF051 /* AppDelegate.swift */; };
		ED2B0AFA222387ED004AF051 /* Main.storyboard in Resources */ = {isa = PBXBuildFile; fileRef = ED2B0AF8222387ED004AF051 /* Main.storyboard */; };
		ED2B0AFC222387EE004AF051 /* Assets.xcassets in Resources */ = {isa = PBXBuildFile; fileRef = ED2B0AFB222387EE004AF051 /* Assets.xcassets */; };
		ED2B0AFF222387EE004AF051 /* LaunchScreen.storyboard in Resources */ = {isa = PBXBuildFile; fileRef = ED2B0AFD222387EE004AF051 /* LaunchScreen.storyboard */; };
		ED2B0B0A222392E8004AF051 /* WelcomeController.swift in Sources */ = {isa = PBXBuildFile; fileRef = ED2B0B09222392E8004AF051 /* WelcomeController.swift */; };
		ED2B0B0D22239435004AF051 /* WelcomeCell.swift in Sources */ = {isa = PBXBuildFile; fileRef = ED2B0B0C22239435004AF051 /* WelcomeCell.swift */; };
		ED2B0B0F222399AC004AF051 /* WelcomeModel.swift in Sources */ = {isa = PBXBuildFile; fileRef = ED2B0B0E222399AC004AF051 /* WelcomeModel.swift */; };
		ED2B0B112223B85B004AF051 /* LoginRegisterController.swift in Sources */ = {isa = PBXBuildFile; fileRef = ED2B0B102223B85B004AF051 /* LoginRegisterController.swift */; };
		ED2B0B142223BA3A004AF051 /* PublicFunction.swift in Sources */ = {isa = PBXBuildFile; fileRef = ED2B0B132223BA3A004AF051 /* PublicFunction.swift */; };
		ED2B0B162223D1D9004AF051 /* LoginController.swift in Sources */ = {isa = PBXBuildFile; fileRef = ED2B0B152223D1D9004AF051 /* LoginController.swift */; };
		ED2B0B182224137B004AF051 /* ForgotPasswordController.swift in Sources */ = {isa = PBXBuildFile; fileRef = ED2B0B172224137B004AF051 /* ForgotPasswordController.swift */; };
		ED305C36222A1D94002744A6 /* CarouselFlowLayout.swift in Sources */ = {isa = PBXBuildFile; fileRef = ED305C35222A1D94002744A6 /* CarouselFlowLayout.swift */; };
		ED305C3A222C9AE5002744A6 /* ServicesCell.swift in Sources */ = {isa = PBXBuildFile; fileRef = ED305C39222C9AE5002744A6 /* ServicesCell.swift */; };
		ED305C3C222C9C71002744A6 /* ServicesModel.swift in Sources */ = {isa = PBXBuildFile; fileRef = ED305C3B222C9C71002744A6 /* ServicesModel.swift */; };
		ED42AE7D225D826C00C2DDEB /* BaseViewController.swift in Sources */ = {isa = PBXBuildFile; fileRef = ED42AE7C225D826C00C2DDEB /* BaseViewController.swift */; };
		ED42AE84225D8E5300C2DDEB /* InternetReachability.swift in Sources */ = {isa = PBXBuildFile; fileRef = ED42AE83225D8E5300C2DDEB /* InternetReachability.swift */; };
		ED42AE86225D941700C2DDEB /* NoConnectionView.xib in Resources */ = {isa = PBXBuildFile; fileRef = ED42AE85225D941700C2DDEB /* NoConnectionView.xib */; };
		ED42AE8A225D94D700C2DDEB /* NibView.swift in Sources */ = {isa = PBXBuildFile; fileRef = ED42AE89225D94D700C2DDEB /* NibView.swift */; };
		ED42AE8C225D953D00C2DDEB /* NoConnectionView.swift in Sources */ = {isa = PBXBuildFile; fileRef = ED42AE8B225D953D00C2DDEB /* NoConnectionView.swift */; };
		ED42AE8E225DA72200C2DDEB /* NetworkManager.swift in Sources */ = {isa = PBXBuildFile; fileRef = ED42AE8D225DA72200C2DDEB /* NetworkManager.swift */; };
		ED448E67223A75DE00BAAEF4 /* ReceiptsController.swift in Sources */ = {isa = PBXBuildFile; fileRef = ED448E66223A75DE00BAAEF4 /* ReceiptsController.swift */; };
		ED448E69223A7B5500BAAEF4 /* ReceiptsCell.swift in Sources */ = {isa = PBXBuildFile; fileRef = ED448E68223A7B5500BAAEF4 /* ReceiptsCell.swift */; };
		ED448E6B223A9FA700BAAEF4 /* ReceiptsModel.swift in Sources */ = {isa = PBXBuildFile; fileRef = ED448E6A223A9FA700BAAEF4 /* ReceiptsModel.swift */; };
		ED448E6D223B41FC00BAAEF4 /* SendReceiptController.swift in Sources */ = {isa = PBXBuildFile; fileRef = ED448E6C223B41FC00BAAEF4 /* SendReceiptController.swift */; };
		ED448E6F223CDFA700BAAEF4 /* MyCardController.swift in Sources */ = {isa = PBXBuildFile; fileRef = ED448E6E223CDFA700BAAEF4 /* MyCardController.swift */; };
		ED4F64842246F216007DCD18 /* NotificationService.swift in Sources */ = {isa = PBXBuildFile; fileRef = ED4F64832246F216007DCD18 /* NotificationService.swift */; };
		ED4F64882246F216007DCD18 /* OneSignalNotificationServiceExtension.appex in Embed App Extensions */ = {isa = PBXBuildFile; fileRef = ED4F64812246F216007DCD18 /* OneSignalNotificationServiceExtension.appex */; settings = {ATTRIBUTES = (RemoveHeadersOnCopy, ); }; };
		ED53C1FB222CBD96005FEBF9 /* UpdatesCell.swift in Sources */ = {isa = PBXBuildFile; fileRef = ED53C1FA222CBD96005FEBF9 /* UpdatesCell.swift */; };
		ED53C1FD222CC040005FEBF9 /* UpdatesModel.swift in Sources */ = {isa = PBXBuildFile; fileRef = ED53C1FC222CC040005FEBF9 /* UpdatesModel.swift */; };
		ED53C1FF222DFF36005FEBF9 /* CurrentModel.swift in Sources */ = {isa = PBXBuildFile; fileRef = ED53C1FE222DFF36005FEBF9 /* CurrentModel.swift */; };
		ED53C201222E2B73005FEBF9 /* BuildingModel.swift in Sources */ = {isa = PBXBuildFile; fileRef = ED53C200222E2B73005FEBF9 /* BuildingModel.swift */; };
		ED551262224F059A0052A86E /* MyChatCell.xib in Resources */ = {isa = PBXBuildFile; fileRef = ED551261224F059A0052A86E /* MyChatCell.xib */; };
		ED551264224F05B00052A86E /* OpponentChatCell.xib in Resources */ = {isa = PBXBuildFile; fileRef = ED551263224F05B00052A86E /* OpponentChatCell.xib */; };
		ED551266224F05C70052A86E /* MyChatImageCell.xib in Resources */ = {isa = PBXBuildFile; fileRef = ED551265224F05C70052A86E /* MyChatImageCell.xib */; };
		ED551268224F05D50052A86E /* OpponentChatImageCell.xib in Resources */ = {isa = PBXBuildFile; fileRef = ED551267224F05D50052A86E /* OpponentChatImageCell.xib */; };
		ED55126A224F11460052A86E /* MyChatCell.swift in Sources */ = {isa = PBXBuildFile; fileRef = ED551269224F11460052A86E /* MyChatCell.swift */; };
		ED55126C224F119D0052A86E /* OpponentChatCell.swift in Sources */ = {isa = PBXBuildFile; fileRef = ED55126B224F119C0052A86E /* OpponentChatCell.swift */; };
		ED55126E224F11B20052A86E /* MyChatImageCell.swift in Sources */ = {isa = PBXBuildFile; fileRef = ED55126D224F11B20052A86E /* MyChatImageCell.swift */; };
		ED551270224F11C40052A86E /* OpponentChatImageCell.swift in Sources */ = {isa = PBXBuildFile; fileRef = ED55126F224F11C40052A86E /* OpponentChatImageCell.swift */; };
		ED551272224F124B0052A86E /* ChatModel.swift in Sources */ = {isa = PBXBuildFile; fileRef = ED551271224F124B0052A86E /* ChatModel.swift */; };
		ED551276224F19780052A86E /* ChatController.swift in Sources */ = {isa = PBXBuildFile; fileRef = ED551275224F19780052A86E /* ChatController.swift */; };
		ED589BC522519A35003FE6D7 /* ImagePreviewController.swift in Sources */ = {isa = PBXBuildFile; fileRef = ED589BC422519A35003FE6D7 /* ImagePreviewController.swift */; };
		ED589BC72252CF6A003FE6D7 /* ScaledHeightImageView.swift in Sources */ = {isa = PBXBuildFile; fileRef = ED589BC62252CF6A003FE6D7 /* ScaledHeightImageView.swift */; };
		ED6AE5132239413A0057E453 /* DirectionController.swift in Sources */ = {isa = PBXBuildFile; fileRef = ED6AE5122239413A0057E453 /* DirectionController.swift */; };
		ED6AE515223947850057E453 /* QrCodeController.swift in Sources */ = {isa = PBXBuildFile; fileRef = ED6AE514223947850057E453 /* QrCodeController.swift */; };
		ED6AE5192239CB530057E453 /* OngoingInfoController.swift in Sources */ = {isa = PBXBuildFile; fileRef = ED6AE5182239CB530057E453 /* OngoingInfoController.swift */; };
		ED6AE51B2239E4590057E453 /* ImagesOngoingCell.swift in Sources */ = {isa = PBXBuildFile; fileRef = ED6AE51A2239E4590057E453 /* ImagesOngoingCell.swift */; };
		ED7253882233919E000BE938 /* BuildingCell.swift in Sources */ = {isa = PBXBuildFile; fileRef = ED7253872233919E000BE938 /* BuildingCell.swift */; };
		ED72538A2233E347000BE938 /* BookingController.swift in Sources */ = {isa = PBXBuildFile; fileRef = ED7253892233E347000BE938 /* BookingController.swift */; };
		ED72538C2233FA7A000BE938 /* BookingPlateCell.swift in Sources */ = {isa = PBXBuildFile; fileRef = ED72538B2233FA7A000BE938 /* BookingPlateCell.swift */; };
		ED756B7A2225F75E00C4C88A /* RegisterModel.swift in Sources */ = {isa = PBXBuildFile; fileRef = ED756B792225F75E00C4C88A /* RegisterModel.swift */; };
		ED756B7C2227566D00C4C88A /* StaticVar.swift in Sources */ = {isa = PBXBuildFile; fileRef = ED756B7B2227566D00C4C88A /* StaticVar.swift */; };
		ED976D102236912D00EF8354 /* BookingAgreementController.swift in Sources */ = {isa = PBXBuildFile; fileRef = ED976D0F2236912D00EF8354 /* BookingAgreementController.swift */; };
		ED9A3421222F4AC400D26E6F /* SettingsController.swift in Sources */ = {isa = PBXBuildFile; fileRef = ED9A3420222F4AC400D26E6F /* SettingsController.swift */; };
		ED9A3423222F4EEE00D26E6F /* SettingsCell.swift in Sources */ = {isa = PBXBuildFile; fileRef = ED9A3422222F4EEE00D26E6F /* SettingsCell.swift */; };
		ED9A3425222F4FD100D26E6F /* SettingsModel.swift in Sources */ = {isa = PBXBuildFile; fileRef = ED9A3424222F4FD100D26E6F /* SettingsModel.swift */; };
		ED9A3427222F77CC00D26E6F /* AccountsController.swift in Sources */ = {isa = PBXBuildFile; fileRef = ED9A3426222F77CC00D26E6F /* AccountsController.swift */; };
		ED9A3429222F83BC00D26E6F /* InteractiveRecognizer.swift in Sources */ = {isa = PBXBuildFile; fileRef = ED9A3428222F83BC00D26E6F /* InteractiveRecognizer.swift */; };
		EDA224E22224C96100291B68 /* CentralOperation.swift in Sources */ = {isa = PBXBuildFile; fileRef = EDA224E12224C96100291B68 /* CentralOperation.swift */; };
		EDA224E42224C97E00291B68 /* RegisterController.swift in Sources */ = {isa = PBXBuildFile; fileRef = EDA224E32224C97E00291B68 /* RegisterController.swift */; };
		EDA224E62224CA3800291B68 /* Enter4DigitResetPasswordController.swift in Sources */ = {isa = PBXBuildFile; fileRef = EDA224E52224CA3800291B68 /* Enter4DigitResetPasswordController.swift */; };
		EDA224E82225761C00291B68 /* HomeController.swift in Sources */ = {isa = PBXBuildFile; fileRef = EDA224E72225761C00291B68 /* HomeController.swift */; };
		EDA224EA2225792E00291B68 /* AgreementsController.swift in Sources */ = {isa = PBXBuildFile; fileRef = EDA224E92225792E00291B68 /* AgreementsController.swift */; };
		EDA224EC22258E6400291B68 /* AbstractOperation.swift in Sources */ = {isa = PBXBuildFile; fileRef = EDA224EB22258E6400291B68 /* AbstractOperation.swift */; };
		EDA8438C224CEDFB0054D580 /* StadionHeaderReusableView.xib in Resources */ = {isa = PBXBuildFile; fileRef = EDA8438B224CEDFB0054D580 /* StadionHeaderReusableView.xib */; };
		EDA8438E224CEFE60054D580 /* StadionHeaderReusableView.swift in Sources */ = {isa = PBXBuildFile; fileRef = EDA8438D224CEFE60054D580 /* StadionHeaderReusableView.swift */; };
		EDA84390224D27370054D580 /* VenueTicketModel.swift in Sources */ = {isa = PBXBuildFile; fileRef = EDA8438F224D27370054D580 /* VenueTicketModel.swift */; };
		EDA84392224D2D260054D580 /* VenueModel.swift in Sources */ = {isa = PBXBuildFile; fileRef = EDA84391224D2D260054D580 /* VenueModel.swift */; };
		EDBCC8042244692F004AAF42 /* ReceiptTicketCell.swift in Sources */ = {isa = PBXBuildFile; fileRef = EDBCC8032244692F004AAF42 /* ReceiptTicketCell.swift */; };
		EDBCC80622446AB1004AAF42 /* TicketDetailModel.swift in Sources */ = {isa = PBXBuildFile; fileRef = EDBCC80522446AB1004AAF42 /* TicketDetailModel.swift */; };
		EDBCC80822448C84004AAF42 /* TicketDetailReceiptController.swift in Sources */ = {isa = PBXBuildFile; fileRef = EDBCC80722448C84004AAF42 /* TicketDetailReceiptController.swift */; };
		EDBCC80A22449584004AAF42 /* Barcode.swift in Sources */ = {isa = PBXBuildFile; fileRef = EDBCC80922449584004AAF42 /* Barcode.swift */; };
		EDCDDF882284C55100E4FF2B /* VoucherModel.swift in Sources */ = {isa = PBXBuildFile; fileRef = EDCDDF872284C55100E4FF2B /* VoucherModel.swift */; };
		EDCDDF8A2284C64D00E4FF2B /* VoucherImagesModel.swift in Sources */ = {isa = PBXBuildFile; fileRef = EDCDDF892284C64D00E4FF2B /* VoucherImagesModel.swift */; };
		EDCDDF8E2285023800E4FF2B /* VoucherController.swift in Sources */ = {isa = PBXBuildFile; fileRef = EDCDDF8D2285023800E4FF2B /* VoucherController.swift */; };
		EDCDDF9022850CC200E4FF2B /* DetailVoucherController.swift in Sources */ = {isa = PBXBuildFile; fileRef = EDCDDF8F22850CC200E4FF2B /* DetailVoucherController.swift */; };
		EDD7051A22560A6C0000EEA0 /* GoogleService-Info.plist in Resources */ = {isa = PBXBuildFile; fileRef = EDD7051922560A6C0000EEA0 /* GoogleService-Info.plist */; };
		EDDB03FA223FCF7B005845A9 /* BuildingActionCell.swift in Sources */ = {isa = PBXBuildFile; fileRef = EDDB03F9223FCF7B005845A9 /* BuildingActionCell.swift */; };
		EDDB03FC223FF3C3005845A9 /* TicketController.swift in Sources */ = {isa = PBXBuildFile; fileRef = EDDB03FB223FF3C3005845A9 /* TicketController.swift */; };
		EDDB03FE223FFCB8005845A9 /* TicketCell.swift in Sources */ = {isa = PBXBuildFile; fileRef = EDDB03FD223FFCB8005845A9 /* TicketCell.swift */; };
		EDDB0400223FFD91005845A9 /* TicketModel.swift in Sources */ = {isa = PBXBuildFile; fileRef = EDDB03FF223FFD91005845A9 /* TicketModel.swift */; };
		EDDB95AE2228834000ED2922 /* RecentlyParkCell.swift in Sources */ = {isa = PBXBuildFile; fileRef = EDDB95AD2228834000ED2922 /* RecentlyParkCell.swift */; };
		EDDB95B0222884A600ED2922 /* RecentlyModel.swift in Sources */ = {isa = PBXBuildFile; fileRef = EDDB95AF222884A600ED2922 /* RecentlyModel.swift */; };
		EDDB95B4222A003600ED2922 /* BillboardCell.swift in Sources */ = {isa = PBXBuildFile; fileRef = EDDB95B3222A003600ED2922 /* BillboardCell.swift */; };
		EDDB95B6222A00C800ED2922 /* BillboardModel.swift in Sources */ = {isa = PBXBuildFile; fileRef = EDDB95B5222A00C800ED2922 /* BillboardModel.swift */; };
		EDED07A12233860600BB8CBD /* BuildingController.swift in Sources */ = {isa = PBXBuildFile; fileRef = EDED07A02233860600BB8CBD /* BuildingController.swift */; };
		EDF224D2227F9DCF008A1157 /* CoinsModel.swift in Sources */ = {isa = PBXBuildFile; fileRef = EDF224D1227F9DCF008A1157 /* CoinsModel.swift */; };
		EDF224D6227FA043008A1157 /* Networking.swift in Sources */ = {isa = PBXBuildFile; fileRef = EDF224D5227FA043008A1157 /* Networking.swift */; };
		EDF224D8227FAC8D008A1157 /* DataModel.swift in Sources */ = {isa = PBXBuildFile; fileRef = EDF224D7227FAC8D008A1157 /* DataModel.swift */; };
		EDF4081D223120A400CA6FDF /* LicensePlateController.swift in Sources */ = {isa = PBXBuildFile; fileRef = EDF4081C223120A400CA6FDF /* LicensePlateController.swift */; };
		EDF408212231270900CA6FDF /* PlateCell.swift in Sources */ = {isa = PBXBuildFile; fileRef = EDF408202231270900CA6FDF /* PlateCell.swift */; };
		EDF4082522312B9000CA6FDF /* PlateModel.swift in Sources */ = {isa = PBXBuildFile; fileRef = EDF4082422312B9000CA6FDF /* PlateModel.swift */; };
		EDFBB77E2248666100BB8246 /* StoreController.swift in Sources */ = {isa = PBXBuildFile; fileRef = EDFBB77D2248666100BB8246 /* StoreController.swift */; };
		EDFBB780224870A500BB8246 /* StoreCell.swift in Sources */ = {isa = PBXBuildFile; fileRef = EDFBB77F224870A500BB8246 /* StoreCell.swift */; };
		EDFBB782224871B900BB8246 /* StoreModel.swift in Sources */ = {isa = PBXBuildFile; fileRef = EDFBB781224871B900BB8246 /* StoreModel.swift */; };
		EDFBB7842248725100BB8246 /* StoreDetailModel.swift in Sources */ = {isa = PBXBuildFile; fileRef = EDFBB7832248725100BB8246 /* StoreDetailModel.swift */; };
		EDFBB786224872CA00BB8246 /* ProductModel.swift in Sources */ = {isa = PBXBuildFile; fileRef = EDFBB785224872CA00BB8246 /* ProductModel.swift */; };
		EDFBB78922489A5C00BB8246 /* StoreHeaderReusableView.swift in Sources */ = {isa = PBXBuildFile; fileRef = EDFBB78822489A5C00BB8246 /* StoreHeaderReusableView.swift */; };
		EDFBB78B22489AA000BB8246 /* StoreHeaderReusableView.xib in Resources */ = {isa = PBXBuildFile; fileRef = EDFBB78A22489AA000BB8246 /* StoreHeaderReusableView.xib */; };
		EDFBB78D2248A73A00BB8246 /* ProductCell.swift in Sources */ = {isa = PBXBuildFile; fileRef = EDFBB78C2248A73A00BB8246 /* ProductCell.swift */; };
		EDFBB78F2248A97000BB8246 /* DetailStoreController.swift in Sources */ = {isa = PBXBuildFile; fileRef = EDFBB78E2248A97000BB8246 /* DetailStoreController.swift */; };
		FDD9876F981958F5F4A3F8B7 /* Pods_OneSignalNotificationServiceExtension.framework in Frameworks */ = {isa = PBXBuildFile; fileRef = 211AA9702310748A62480271 /* Pods_OneSignalNotificationServiceExtension.framework */; };
/* End PBXBuildFile section */

/* Begin PBXContainerItemProxy section */
		ED4F64862246F216007DCD18 /* PBXContainerItemProxy */ = {
			isa = PBXContainerItemProxy;
			containerPortal = ED2B0AE9222387ED004AF051 /* Project object */;
			proxyType = 1;
			remoteGlobalIDString = ED4F64802246F216007DCD18;
			remoteInfo = OneSignalNotificationServiceExtension;
		};
/* End PBXContainerItemProxy section */

/* Begin PBXCopyFilesBuildPhase section */
		ED4F648C2246F216007DCD18 /* Embed App Extensions */ = {
			isa = PBXCopyFilesBuildPhase;
			buildActionMask = 8;
			dstPath = "";
			dstSubfolderSpec = 13;
			files = (
				ED4F64882246F216007DCD18 /* OneSignalNotificationServiceExtension.appex in Embed App Extensions */,
			);
			name = "Embed App Extensions";
			runOnlyForDeploymentPostprocessing = 1;
		};
/* End PBXCopyFilesBuildPhase section */

/* Begin PBXFileReference section */
		211AA9702310748A62480271 /* Pods_OneSignalNotificationServiceExtension.framework */ = {isa = PBXFileReference; explicitFileType = wrapper.framework; includeInIndex = 0; path = Pods_OneSignalNotificationServiceExtension.framework; sourceTree = BUILT_PRODUCTS_DIR; };
		324ABBEC1C177E89E286EFD2 /* Pods-Agen Parkir.release.xcconfig */ = {isa = PBXFileReference; includeInIndex = 1; lastKnownFileType = text.xcconfig; name = "Pods-Agen Parkir.release.xcconfig"; path = "Pods/Target Support Files/Pods-Agen Parkir/Pods-Agen Parkir.release.xcconfig"; sourceTree = "<group>"; };
		53B8F7DEA9854D24D7632349 /* Pods-OneSignalNotificationServiceExtension.debug.xcconfig */ = {isa = PBXFileReference; includeInIndex = 1; lastKnownFileType = text.xcconfig; name = "Pods-OneSignalNotificationServiceExtension.debug.xcconfig"; path = "Pods/Target Support Files/Pods-OneSignalNotificationServiceExtension/Pods-OneSignalNotificationServiceExtension.debug.xcconfig"; sourceTree = "<group>"; };
		BB5CE16DE6379B637920EB0D /* Pods_Agen_Parkir.framework */ = {isa = PBXFileReference; explicitFileType = wrapper.framework; includeInIndex = 0; path = Pods_Agen_Parkir.framework; sourceTree = BUILT_PRODUCTS_DIR; };
		C1624138B458AC3785CB8C43 /* Pods-Agen Parkir.debug.xcconfig */ = {isa = PBXFileReference; includeInIndex = 1; lastKnownFileType = text.xcconfig; name = "Pods-Agen Parkir.debug.xcconfig"; path = "Pods/Target Support Files/Pods-Agen Parkir/Pods-Agen Parkir.debug.xcconfig"; sourceTree = "<group>"; };
		ED011627223D29DD0047AD40 /* TopupController.swift */ = {isa = PBXFileReference; lastKnownFileType = sourcecode.swift; path = TopupController.swift; sourceTree = "<group>"; };
		ED011629223E7DA30047AD40 /* HistoryModel.swift */ = {isa = PBXFileReference; lastKnownFileType = sourcecode.swift; path = HistoryModel.swift; sourceTree = "<group>"; };
		ED01162B223E82650047AD40 /* HistoryCell.swift */ = {isa = PBXFileReference; lastKnownFileType = sourcecode.swift; path = HistoryCell.swift; sourceTree = "<group>"; };
		ED10ECD0224309530028161E /* TicketDetailController.swift */ = {isa = PBXFileReference; lastKnownFileType = sourcecode.swift; path = TicketDetailController.swift; sourceTree = "<group>"; };
		ED10ECD22243B4780028161E /* TabOngoingController.swift */ = {isa = PBXFileReference; lastKnownFileType = sourcecode.swift; path = TabOngoingController.swift; sourceTree = "<group>"; };
		ED10ECD42243B8970028161E /* ParkingController.swift */ = {isa = PBXFileReference; lastKnownFileType = sourcecode.swift; path = ParkingController.swift; sourceTree = "<group>"; };
		ED10ECD62243B8AB0028161E /* TicketingController.swift */ = {isa = PBXFileReference; lastKnownFileType = sourcecode.swift; path = TicketingController.swift; sourceTree = "<group>"; };
		ED1BE8B52237DF6D00FD26A9 /* OngoingController.swift */ = {isa = PBXFileReference; lastKnownFileType = sourcecode.swift; path = OngoingController.swift; sourceTree = "<group>"; };
		ED1BE8B72237E92900FD26A9 /* OngoingCell.swift */ = {isa = PBXFileReference; lastKnownFileType = sourcecode.swift; path = OngoingCell.swift; sourceTree = "<group>"; };
		ED1BE8B92237ECE400FD26A9 /* OngoingModel.swift */ = {isa = PBXFileReference; lastKnownFileType = sourcecode.swift; path = OngoingModel.swift; sourceTree = "<group>"; };
		ED1BE8BB223877D200FD26A9 /* CustomTimer.swift */ = {isa = PBXFileReference; lastKnownFileType = sourcecode.swift; path = CustomTimer.swift; sourceTree = "<group>"; };
		ED2A1AEC222FC34E007E09DB /* ImagePickerManager.swift */ = {isa = PBXFileReference; lastKnownFileType = sourcecode.swift; path = ImagePickerManager.swift; sourceTree = "<group>"; };
		ED2B0AF1222387ED004AF051 /* Agen Parkir.app */ = {isa = PBXFileReference; explicitFileType = wrapper.application; includeInIndex = 0; path = "Agen Parkir.app"; sourceTree = BUILT_PRODUCTS_DIR; };
		ED2B0AF4222387ED004AF051 /* AppDelegate.swift */ = {isa = PBXFileReference; lastKnownFileType = sourcecode.swift; path = AppDelegate.swift; sourceTree = "<group>"; };
		ED2B0AF9222387ED004AF051 /* Base */ = {isa = PBXFileReference; lastKnownFileType = file.storyboard; name = Base; path = Base.lproj/Main.storyboard; sourceTree = "<group>"; };
		ED2B0AFB222387EE004AF051 /* Assets.xcassets */ = {isa = PBXFileReference; lastKnownFileType = folder.assetcatalog; path = Assets.xcassets; sourceTree = "<group>"; };
		ED2B0AFE222387EE004AF051 /* Base */ = {isa = PBXFileReference; lastKnownFileType = file.storyboard; name = Base; path = Base.lproj/LaunchScreen.storyboard; sourceTree = "<group>"; };
		ED2B0B00222387EE004AF051 /* Info.plist */ = {isa = PBXFileReference; lastKnownFileType = text.plist.xml; path = Info.plist; sourceTree = "<group>"; };
		ED2B0B09222392E8004AF051 /* WelcomeController.swift */ = {isa = PBXFileReference; lastKnownFileType = sourcecode.swift; path = WelcomeController.swift; sourceTree = "<group>"; };
		ED2B0B0C22239435004AF051 /* WelcomeCell.swift */ = {isa = PBXFileReference; lastKnownFileType = sourcecode.swift; path = WelcomeCell.swift; sourceTree = "<group>"; };
		ED2B0B0E222399AC004AF051 /* WelcomeModel.swift */ = {isa = PBXFileReference; lastKnownFileType = sourcecode.swift; path = WelcomeModel.swift; sourceTree = "<group>"; };
		ED2B0B102223B85B004AF051 /* LoginRegisterController.swift */ = {isa = PBXFileReference; lastKnownFileType = sourcecode.swift; path = LoginRegisterController.swift; sourceTree = "<group>"; };
		ED2B0B132223BA3A004AF051 /* PublicFunction.swift */ = {isa = PBXFileReference; lastKnownFileType = sourcecode.swift; path = PublicFunction.swift; sourceTree = "<group>"; };
		ED2B0B152223D1D9004AF051 /* LoginController.swift */ = {isa = PBXFileReference; lastKnownFileType = sourcecode.swift; path = LoginController.swift; sourceTree = "<group>"; };
		ED2B0B172224137B004AF051 /* ForgotPasswordController.swift */ = {isa = PBXFileReference; lastKnownFileType = sourcecode.swift; path = ForgotPasswordController.swift; sourceTree = "<group>"; };
		ED305C35222A1D94002744A6 /* CarouselFlowLayout.swift */ = {isa = PBXFileReference; lastKnownFileType = sourcecode.swift; path = CarouselFlowLayout.swift; sourceTree = "<group>"; };
		ED305C39222C9AE5002744A6 /* ServicesCell.swift */ = {isa = PBXFileReference; lastKnownFileType = sourcecode.swift; path = ServicesCell.swift; sourceTree = "<group>"; };
		ED305C3B222C9C71002744A6 /* ServicesModel.swift */ = {isa = PBXFileReference; lastKnownFileType = sourcecode.swift; path = ServicesModel.swift; sourceTree = "<group>"; };
		ED42AE7C225D826C00C2DDEB /* BaseViewController.swift */ = {isa = PBXFileReference; lastKnownFileType = sourcecode.swift; path = BaseViewController.swift; sourceTree = "<group>"; };
		ED42AE83225D8E5300C2DDEB /* InternetReachability.swift */ = {isa = PBXFileReference; lastKnownFileType = sourcecode.swift; path = InternetReachability.swift; sourceTree = "<group>"; };
		ED42AE85225D941700C2DDEB /* NoConnectionView.xib */ = {isa = PBXFileReference; lastKnownFileType = file.xib; path = NoConnectionView.xib; sourceTree = "<group>"; };
		ED42AE89225D94D700C2DDEB /* NibView.swift */ = {isa = PBXFileReference; lastKnownFileType = sourcecode.swift; path = NibView.swift; sourceTree = "<group>"; };
		ED42AE8B225D953D00C2DDEB /* NoConnectionView.swift */ = {isa = PBXFileReference; lastKnownFileType = sourcecode.swift; path = NoConnectionView.swift; sourceTree = "<group>"; };
		ED42AE8D225DA72200C2DDEB /* NetworkManager.swift */ = {isa = PBXFileReference; lastKnownFileType = sourcecode.swift; path = NetworkManager.swift; sourceTree = "<group>"; };
		ED448E66223A75DE00BAAEF4 /* ReceiptsController.swift */ = {isa = PBXFileReference; lastKnownFileType = sourcecode.swift; path = ReceiptsController.swift; sourceTree = "<group>"; };
		ED448E68223A7B5500BAAEF4 /* ReceiptsCell.swift */ = {isa = PBXFileReference; lastKnownFileType = sourcecode.swift; path = ReceiptsCell.swift; sourceTree = "<group>"; };
		ED448E6A223A9FA700BAAEF4 /* ReceiptsModel.swift */ = {isa = PBXFileReference; lastKnownFileType = sourcecode.swift; path = ReceiptsModel.swift; sourceTree = "<group>"; };
		ED448E6C223B41FC00BAAEF4 /* SendReceiptController.swift */ = {isa = PBXFileReference; lastKnownFileType = sourcecode.swift; path = SendReceiptController.swift; sourceTree = "<group>"; };
		ED448E6E223CDFA700BAAEF4 /* MyCardController.swift */ = {isa = PBXFileReference; lastKnownFileType = sourcecode.swift; path = MyCardController.swift; sourceTree = "<group>"; };
		ED4F64812246F216007DCD18 /* OneSignalNotificationServiceExtension.appex */ = {isa = PBXFileReference; explicitFileType = "wrapper.app-extension"; includeInIndex = 0; path = OneSignalNotificationServiceExtension.appex; sourceTree = BUILT_PRODUCTS_DIR; };
		ED4F64832246F216007DCD18 /* NotificationService.swift */ = {isa = PBXFileReference; lastKnownFileType = sourcecode.swift; path = NotificationService.swift; sourceTree = "<group>"; };
		ED4F64852246F216007DCD18 /* Info.plist */ = {isa = PBXFileReference; lastKnownFileType = text.plist.xml; path = Info.plist; sourceTree = "<group>"; };
		ED4F64912246F761007DCD18 /* Agen Parkir.entitlements */ = {isa = PBXFileReference; lastKnownFileType = text.plist.entitlements; path = "Agen Parkir.entitlements"; sourceTree = "<group>"; };
		ED53C1FA222CBD96005FEBF9 /* UpdatesCell.swift */ = {isa = PBXFileReference; lastKnownFileType = sourcecode.swift; path = UpdatesCell.swift; sourceTree = "<group>"; };
		ED53C1FC222CC040005FEBF9 /* UpdatesModel.swift */ = {isa = PBXFileReference; lastKnownFileType = sourcecode.swift; path = UpdatesModel.swift; sourceTree = "<group>"; };
		ED53C1FE222DFF36005FEBF9 /* CurrentModel.swift */ = {isa = PBXFileReference; lastKnownFileType = sourcecode.swift; path = CurrentModel.swift; sourceTree = "<group>"; };
		ED53C200222E2B73005FEBF9 /* BuildingModel.swift */ = {isa = PBXFileReference; lastKnownFileType = sourcecode.swift; path = BuildingModel.swift; sourceTree = "<group>"; };
		ED551261224F059A0052A86E /* MyChatCell.xib */ = {isa = PBXFileReference; lastKnownFileType = file.xib; path = MyChatCell.xib; sourceTree = "<group>"; };
		ED551263224F05B00052A86E /* OpponentChatCell.xib */ = {isa = PBXFileReference; lastKnownFileType = file.xib; path = OpponentChatCell.xib; sourceTree = "<group>"; };
		ED551265224F05C70052A86E /* MyChatImageCell.xib */ = {isa = PBXFileReference; lastKnownFileType = file.xib; path = MyChatImageCell.xib; sourceTree = "<group>"; };
		ED551267224F05D50052A86E /* OpponentChatImageCell.xib */ = {isa = PBXFileReference; lastKnownFileType = file.xib; path = OpponentChatImageCell.xib; sourceTree = "<group>"; };
		ED551269224F11460052A86E /* MyChatCell.swift */ = {isa = PBXFileReference; lastKnownFileType = sourcecode.swift; path = MyChatCell.swift; sourceTree = "<group>"; };
		ED55126B224F119C0052A86E /* OpponentChatCell.swift */ = {isa = PBXFileReference; lastKnownFileType = sourcecode.swift; path = OpponentChatCell.swift; sourceTree = "<group>"; };
		ED55126D224F11B20052A86E /* MyChatImageCell.swift */ = {isa = PBXFileReference; lastKnownFileType = sourcecode.swift; path = MyChatImageCell.swift; sourceTree = "<group>"; };
		ED55126F224F11C40052A86E /* OpponentChatImageCell.swift */ = {isa = PBXFileReference; lastKnownFileType = sourcecode.swift; path = OpponentChatImageCell.swift; sourceTree = "<group>"; };
		ED551271224F124B0052A86E /* ChatModel.swift */ = {isa = PBXFileReference; lastKnownFileType = sourcecode.swift; path = ChatModel.swift; sourceTree = "<group>"; };
		ED551275224F19780052A86E /* ChatController.swift */ = {isa = PBXFileReference; lastKnownFileType = sourcecode.swift; path = ChatController.swift; sourceTree = "<group>"; };
		ED589BC422519A35003FE6D7 /* ImagePreviewController.swift */ = {isa = PBXFileReference; lastKnownFileType = sourcecode.swift; path = ImagePreviewController.swift; sourceTree = "<group>"; };
		ED589BC62252CF6A003FE6D7 /* ScaledHeightImageView.swift */ = {isa = PBXFileReference; lastKnownFileType = sourcecode.swift; path = ScaledHeightImageView.swift; sourceTree = "<group>"; };
		ED6AE5122239413A0057E453 /* DirectionController.swift */ = {isa = PBXFileReference; lastKnownFileType = sourcecode.swift; path = DirectionController.swift; sourceTree = "<group>"; };
		ED6AE514223947850057E453 /* QrCodeController.swift */ = {isa = PBXFileReference; lastKnownFileType = sourcecode.swift; path = QrCodeController.swift; sourceTree = "<group>"; };
		ED6AE5182239CB530057E453 /* OngoingInfoController.swift */ = {isa = PBXFileReference; lastKnownFileType = sourcecode.swift; path = OngoingInfoController.swift; sourceTree = "<group>"; };
		ED6AE51A2239E4590057E453 /* ImagesOngoingCell.swift */ = {isa = PBXFileReference; lastKnownFileType = sourcecode.swift; path = ImagesOngoingCell.swift; sourceTree = "<group>"; };
		ED7253872233919E000BE938 /* BuildingCell.swift */ = {isa = PBXFileReference; lastKnownFileType = sourcecode.swift; path = BuildingCell.swift; sourceTree = "<group>"; };
		ED7253892233E347000BE938 /* BookingController.swift */ = {isa = PBXFileReference; lastKnownFileType = sourcecode.swift; path = BookingController.swift; sourceTree = "<group>"; };
		ED72538B2233FA7A000BE938 /* BookingPlateCell.swift */ = {isa = PBXFileReference; lastKnownFileType = sourcecode.swift; path = BookingPlateCell.swift; sourceTree = "<group>"; };
		ED756B792225F75E00C4C88A /* RegisterModel.swift */ = {isa = PBXFileReference; lastKnownFileType = sourcecode.swift; path = RegisterModel.swift; sourceTree = "<group>"; };
		ED756B7B2227566D00C4C88A /* StaticVar.swift */ = {isa = PBXFileReference; lastKnownFileType = sourcecode.swift; path = StaticVar.swift; sourceTree = "<group>"; };
		ED976D0F2236912D00EF8354 /* BookingAgreementController.swift */ = {isa = PBXFileReference; lastKnownFileType = sourcecode.swift; path = BookingAgreementController.swift; sourceTree = "<group>"; };
		ED9A3420222F4AC400D26E6F /* SettingsController.swift */ = {isa = PBXFileReference; lastKnownFileType = sourcecode.swift; path = SettingsController.swift; sourceTree = "<group>"; };
		ED9A3422222F4EEE00D26E6F /* SettingsCell.swift */ = {isa = PBXFileReference; lastKnownFileType = sourcecode.swift; path = SettingsCell.swift; sourceTree = "<group>"; };
		ED9A3424222F4FD100D26E6F /* SettingsModel.swift */ = {isa = PBXFileReference; lastKnownFileType = sourcecode.swift; path = SettingsModel.swift; sourceTree = "<group>"; };
		ED9A3426222F77CC00D26E6F /* AccountsController.swift */ = {isa = PBXFileReference; lastKnownFileType = sourcecode.swift; path = AccountsController.swift; sourceTree = "<group>"; };
		ED9A3428222F83BC00D26E6F /* InteractiveRecognizer.swift */ = {isa = PBXFileReference; lastKnownFileType = sourcecode.swift; path = InteractiveRecognizer.swift; sourceTree = "<group>"; };
		EDA224E12224C96100291B68 /* CentralOperation.swift */ = {isa = PBXFileReference; lastKnownFileType = sourcecode.swift; path = CentralOperation.swift; sourceTree = "<group>"; };
		EDA224E32224C97E00291B68 /* RegisterController.swift */ = {isa = PBXFileReference; lastKnownFileType = sourcecode.swift; path = RegisterController.swift; sourceTree = "<group>"; };
		EDA224E52224CA3800291B68 /* Enter4DigitResetPasswordController.swift */ = {isa = PBXFileReference; lastKnownFileType = sourcecode.swift; path = Enter4DigitResetPasswordController.swift; sourceTree = "<group>"; };
		EDA224E72225761C00291B68 /* HomeController.swift */ = {isa = PBXFileReference; lastKnownFileType = sourcecode.swift; path = HomeController.swift; sourceTree = "<group>"; };
		EDA224E92225792E00291B68 /* AgreementsController.swift */ = {isa = PBXFileReference; lastKnownFileType = sourcecode.swift; path = AgreementsController.swift; sourceTree = "<group>"; };
		EDA224EB22258E6400291B68 /* AbstractOperation.swift */ = {isa = PBXFileReference; lastKnownFileType = sourcecode.swift; path = AbstractOperation.swift; sourceTree = "<group>"; };
		EDA8438B224CEDFB0054D580 /* StadionHeaderReusableView.xib */ = {isa = PBXFileReference; lastKnownFileType = file.xib; path = StadionHeaderReusableView.xib; sourceTree = "<group>"; };
		EDA8438D224CEFE60054D580 /* StadionHeaderReusableView.swift */ = {isa = PBXFileReference; lastKnownFileType = sourcecode.swift; path = StadionHeaderReusableView.swift; sourceTree = "<group>"; };
		EDA8438F224D27370054D580 /* VenueTicketModel.swift */ = {isa = PBXFileReference; lastKnownFileType = sourcecode.swift; path = VenueTicketModel.swift; sourceTree = "<group>"; };
		EDA84391224D2D260054D580 /* VenueModel.swift */ = {isa = PBXFileReference; lastKnownFileType = sourcecode.swift; path = VenueModel.swift; sourceTree = "<group>"; };
		EDBCC8032244692F004AAF42 /* ReceiptTicketCell.swift */ = {isa = PBXFileReference; lastKnownFileType = sourcecode.swift; path = ReceiptTicketCell.swift; sourceTree = "<group>"; };
		EDBCC80522446AB1004AAF42 /* TicketDetailModel.swift */ = {isa = PBXFileReference; lastKnownFileType = sourcecode.swift; path = TicketDetailModel.swift; sourceTree = "<group>"; };
		EDBCC80722448C84004AAF42 /* TicketDetailReceiptController.swift */ = {isa = PBXFileReference; lastKnownFileType = sourcecode.swift; path = TicketDetailReceiptController.swift; sourceTree = "<group>"; };
		EDBCC80922449584004AAF42 /* Barcode.swift */ = {isa = PBXFileReference; lastKnownFileType = sourcecode.swift; path = Barcode.swift; sourceTree = "<group>"; };
		EDCDDF872284C55100E4FF2B /* VoucherModel.swift */ = {isa = PBXFileReference; lastKnownFileType = sourcecode.swift; path = VoucherModel.swift; sourceTree = "<group>"; };
		EDCDDF892284C64D00E4FF2B /* VoucherImagesModel.swift */ = {isa = PBXFileReference; lastKnownFileType = sourcecode.swift; path = VoucherImagesModel.swift; sourceTree = "<group>"; };
		EDCDDF8D2285023800E4FF2B /* VoucherController.swift */ = {isa = PBXFileReference; lastKnownFileType = sourcecode.swift; path = VoucherController.swift; sourceTree = "<group>"; };
		EDCDDF8F22850CC200E4FF2B /* DetailVoucherController.swift */ = {isa = PBXFileReference; lastKnownFileType = sourcecode.swift; path = DetailVoucherController.swift; sourceTree = "<group>"; };
		EDD7051922560A6C0000EEA0 /* GoogleService-Info.plist */ = {isa = PBXFileReference; fileEncoding = 4; lastKnownFileType = text.plist.xml; path = "GoogleService-Info.plist"; sourceTree = "<group>"; };
		EDDB03F9223FCF7B005845A9 /* BuildingActionCell.swift */ = {isa = PBXFileReference; lastKnownFileType = sourcecode.swift; path = BuildingActionCell.swift; sourceTree = "<group>"; };
		EDDB03FB223FF3C3005845A9 /* TicketController.swift */ = {isa = PBXFileReference; lastKnownFileType = sourcecode.swift; path = TicketController.swift; sourceTree = "<group>"; };
		EDDB03FD223FFCB8005845A9 /* TicketCell.swift */ = {isa = PBXFileReference; lastKnownFileType = sourcecode.swift; path = TicketCell.swift; sourceTree = "<group>"; };
		EDDB03FF223FFD91005845A9 /* TicketModel.swift */ = {isa = PBXFileReference; lastKnownFileType = sourcecode.swift; path = TicketModel.swift; sourceTree = "<group>"; };
		EDDB95AD2228834000ED2922 /* RecentlyParkCell.swift */ = {isa = PBXFileReference; lastKnownFileType = sourcecode.swift; path = RecentlyParkCell.swift; sourceTree = "<group>"; };
		EDDB95AF222884A600ED2922 /* RecentlyModel.swift */ = {isa = PBXFileReference; lastKnownFileType = sourcecode.swift; path = RecentlyModel.swift; sourceTree = "<group>"; };
		EDDB95B3222A003600ED2922 /* BillboardCell.swift */ = {isa = PBXFileReference; lastKnownFileType = sourcecode.swift; path = BillboardCell.swift; sourceTree = "<group>"; };
		EDDB95B5222A00C800ED2922 /* BillboardModel.swift */ = {isa = PBXFileReference; lastKnownFileType = sourcecode.swift; path = BillboardModel.swift; sourceTree = "<group>"; };
		EDED07A02233860600BB8CBD /* BuildingController.swift */ = {isa = PBXFileReference; lastKnownFileType = sourcecode.swift; path = BuildingController.swift; sourceTree = "<group>"; };
		EDF224D1227F9DCF008A1157 /* CoinsModel.swift */ = {isa = PBXFileReference; lastKnownFileType = sourcecode.swift; path = CoinsModel.swift; sourceTree = "<group>"; };
		EDF224D5227FA043008A1157 /* Networking.swift */ = {isa = PBXFileReference; lastKnownFileType = sourcecode.swift; path = Networking.swift; sourceTree = "<group>"; };
		EDF224D7227FAC8D008A1157 /* DataModel.swift */ = {isa = PBXFileReference; lastKnownFileType = sourcecode.swift; path = DataModel.swift; sourceTree = "<group>"; };
		EDF4081C223120A400CA6FDF /* LicensePlateController.swift */ = {isa = PBXFileReference; lastKnownFileType = sourcecode.swift; path = LicensePlateController.swift; sourceTree = "<group>"; };
		EDF408202231270900CA6FDF /* PlateCell.swift */ = {isa = PBXFileReference; lastKnownFileType = sourcecode.swift; path = PlateCell.swift; sourceTree = "<group>"; };
		EDF4082422312B9000CA6FDF /* PlateModel.swift */ = {isa = PBXFileReference; lastKnownFileType = sourcecode.swift; path = PlateModel.swift; sourceTree = "<group>"; };
		EDFBB77D2248666100BB8246 /* StoreController.swift */ = {isa = PBXFileReference; lastKnownFileType = sourcecode.swift; path = StoreController.swift; sourceTree = "<group>"; };
		EDFBB77F224870A500BB8246 /* StoreCell.swift */ = {isa = PBXFileReference; lastKnownFileType = sourcecode.swift; path = StoreCell.swift; sourceTree = "<group>"; };
		EDFBB781224871B900BB8246 /* StoreModel.swift */ = {isa = PBXFileReference; lastKnownFileType = sourcecode.swift; path = StoreModel.swift; sourceTree = "<group>"; };
		EDFBB7832248725100BB8246 /* StoreDetailModel.swift */ = {isa = PBXFileReference; lastKnownFileType = sourcecode.swift; path = StoreDetailModel.swift; sourceTree = "<group>"; };
		EDFBB785224872CA00BB8246 /* ProductModel.swift */ = {isa = PBXFileReference; lastKnownFileType = sourcecode.swift; path = ProductModel.swift; sourceTree = "<group>"; };
		EDFBB78822489A5C00BB8246 /* StoreHeaderReusableView.swift */ = {isa = PBXFileReference; lastKnownFileType = sourcecode.swift; path = StoreHeaderReusableView.swift; sourceTree = "<group>"; };
		EDFBB78A22489AA000BB8246 /* StoreHeaderReusableView.xib */ = {isa = PBXFileReference; lastKnownFileType = file.xib; path = StoreHeaderReusableView.xib; sourceTree = "<group>"; };
		EDFBB78C2248A73A00BB8246 /* ProductCell.swift */ = {isa = PBXFileReference; lastKnownFileType = sourcecode.swift; path = ProductCell.swift; sourceTree = "<group>"; };
		EDFBB78E2248A97000BB8246 /* DetailStoreController.swift */ = {isa = PBXFileReference; lastKnownFileType = sourcecode.swift; path = DetailStoreController.swift; sourceTree = "<group>"; };
		FD6CA25311C2ED393ADD29B2 /* Pods-OneSignalNotificationServiceExtension.release.xcconfig */ = {isa = PBXFileReference; includeInIndex = 1; lastKnownFileType = text.xcconfig; name = "Pods-OneSignalNotificationServiceExtension.release.xcconfig"; path = "Pods/Target Support Files/Pods-OneSignalNotificationServiceExtension/Pods-OneSignalNotificationServiceExtension.release.xcconfig"; sourceTree = "<group>"; };
/* End PBXFileReference section */

/* Begin PBXFrameworksBuildPhase section */
		ED2B0AEE222387ED004AF051 /* Frameworks */ = {
			isa = PBXFrameworksBuildPhase;
			buildActionMask = 2147483647;
			files = (
				A86B1CF23F0228A1D0514DDB /* Pods_Agen_Parkir.framework in Frameworks */,
			);
			runOnlyForDeploymentPostprocessing = 0;
		};
		ED4F647E2246F216007DCD18 /* Frameworks */ = {
			isa = PBXFrameworksBuildPhase;
			buildActionMask = 2147483647;
			files = (
				FDD9876F981958F5F4A3F8B7 /* Pods_OneSignalNotificationServiceExtension.framework in Frameworks */,
			);
			runOnlyForDeploymentPostprocessing = 0;
		};
/* End PBXFrameworksBuildPhase section */

/* Begin PBXGroup section */
		7AC3C98A42CF2C810BAACD78 /* Pods */ = {
			isa = PBXGroup;
			children = (
				C1624138B458AC3785CB8C43 /* Pods-Agen Parkir.debug.xcconfig */,
				324ABBEC1C177E89E286EFD2 /* Pods-Agen Parkir.release.xcconfig */,
				53B8F7DEA9854D24D7632349 /* Pods-OneSignalNotificationServiceExtension.debug.xcconfig */,
				FD6CA25311C2ED393ADD29B2 /* Pods-OneSignalNotificationServiceExtension.release.xcconfig */,
			);
			name = Pods;
			sourceTree = "<group>";
		};
		9268FDBAB19DA9FDE27B1B92 /* Frameworks */ = {
			isa = PBXGroup;
			children = (
				BB5CE16DE6379B637920EB0D /* Pods_Agen_Parkir.framework */,
				211AA9702310748A62480271 /* Pods_OneSignalNotificationServiceExtension.framework */,
			);
			name = Frameworks;
			sourceTree = "<group>";
		};
		ED2B0AE8222387ED004AF051 = {
			isa = PBXGroup;
			children = (
				ED2B0AF3222387ED004AF051 /* Agen Parkir */,
				ED4F64822246F216007DCD18 /* OneSignalNotificationServiceExtension */,
				ED2B0AF2222387ED004AF051 /* Products */,
				7AC3C98A42CF2C810BAACD78 /* Pods */,
				9268FDBAB19DA9FDE27B1B92 /* Frameworks */,
			);
			sourceTree = "<group>";
		};
		ED2B0AF2222387ED004AF051 /* Products */ = {
			isa = PBXGroup;
			children = (
				ED2B0AF1222387ED004AF051 /* Agen Parkir.app */,
				ED4F64812246F216007DCD18 /* OneSignalNotificationServiceExtension.appex */,
			);
			name = Products;
			sourceTree = "<group>";
		};
		ED2B0AF3222387ED004AF051 /* Agen Parkir */ = {
			isa = PBXGroup;
			children = (
				ED4F64912246F761007DCD18 /* Agen Parkir.entitlements */,
				EDD7051922560A6C0000EEA0 /* GoogleService-Info.plist */,
				ED2B0B00222387EE004AF051 /* Info.plist */,
				ED2B0B122223BA29004AF051 /* Helper */,
				ED2B0B0822238E1B004AF051 /* View */,
				ED2B0B0722238E14004AF051 /* Model */,
				ED2B0B0622238E0D004AF051 /* Controller */,
			);
			path = "Agen Parkir";
			sourceTree = "<group>";
		};
		ED2B0B0622238E0D004AF051 /* Controller */ = {
			isa = PBXGroup;
			children = (
				ED42AE8F2261602200C2DDEB /* Messaging */,
				ED42AE7E225D831600C2DDEB /* Settings */,
				ED42AE7B225D825A00C2DDEB /* Base */,
				ED42AE7A225D7F9300C2DDEB /* MyCard */,
				ED42AE79225D7F8D00C2DDEB /* Receipts */,
				ED42AE78225D7F8400C2DDEB /* OnGoing */,
				ED42AE77225D7F7600C2DDEB /* Booking */,
				ED42AE76225D7F6400C2DDEB /* Auth */,
				ED2B0B0B22239415004AF051 /* CellController */,
				ED2B0AF4222387ED004AF051 /* AppDelegate.swift */,
				ED2B0B09222392E8004AF051 /* WelcomeController.swift */,
			);
			path = Controller;
			sourceTree = "<group>";
		};
		ED2B0B0722238E14004AF051 /* Model */ = {
			isa = PBXGroup;
			children = (
				ED2B0B0E222399AC004AF051 /* WelcomeModel.swift */,
				ED756B792225F75E00C4C88A /* RegisterModel.swift */,
				EDDB95AF222884A600ED2922 /* RecentlyModel.swift */,
				EDDB95B5222A00C800ED2922 /* BillboardModel.swift */,
				ED305C3B222C9C71002744A6 /* ServicesModel.swift */,
				ED53C1FC222CC040005FEBF9 /* UpdatesModel.swift */,
				ED53C1FE222DFF36005FEBF9 /* CurrentModel.swift */,
				ED53C200222E2B73005FEBF9 /* BuildingModel.swift */,
				ED9A3424222F4FD100D26E6F /* SettingsModel.swift */,
				EDF4082422312B9000CA6FDF /* PlateModel.swift */,
				ED1BE8B92237ECE400FD26A9 /* OngoingModel.swift */,
				ED448E6A223A9FA700BAAEF4 /* ReceiptsModel.swift */,
				ED011629223E7DA30047AD40 /* HistoryModel.swift */,
				EDDB03FF223FFD91005845A9 /* TicketModel.swift */,
				EDBCC80522446AB1004AAF42 /* TicketDetailModel.swift */,
				EDFBB781224871B900BB8246 /* StoreModel.swift */,
				EDFBB7832248725100BB8246 /* StoreDetailModel.swift */,
				EDFBB785224872CA00BB8246 /* ProductModel.swift */,
				EDA8438F224D27370054D580 /* VenueTicketModel.swift */,
				EDA84391224D2D260054D580 /* VenueModel.swift */,
				ED551271224F124B0052A86E /* ChatModel.swift */,
				EDF224D1227F9DCF008A1157 /* CoinsModel.swift */,
				EDF224D7227FAC8D008A1157 /* DataModel.swift */,
				EDCDDF872284C55100E4FF2B /* VoucherModel.swift */,
				EDCDDF892284C64D00E4FF2B /* VoucherImagesModel.swift */,
			);
			path = Model;
			sourceTree = "<group>";
		};
		ED2B0B0822238E1B004AF051 /* View */ = {
			isa = PBXGroup;
			children = (
				ED551260224F057C0052A86E /* Nib Cell */,
				EDFBB787224899B000BB8246 /* Nib */,
				ED2B0AFB222387EE004AF051 /* Assets.xcassets */,
				ED2B0AF8222387ED004AF051 /* Main.storyboard */,
				ED2B0AFD222387EE004AF051 /* LaunchScreen.storyboard */,
			);
			path = View;
			sourceTree = "<group>";
		};
		ED2B0B0B22239415004AF051 /* CellController */ = {
			isa = PBXGroup;
			children = (
				ED551269224F11460052A86E /* MyChatCell.swift */,
				ED2B0B0C22239435004AF051 /* WelcomeCell.swift */,
				EDDB95AD2228834000ED2922 /* RecentlyParkCell.swift */,
				EDDB95B3222A003600ED2922 /* BillboardCell.swift */,
				ED305C39222C9AE5002744A6 /* ServicesCell.swift */,
				ED53C1FA222CBD96005FEBF9 /* UpdatesCell.swift */,
				ED9A3422222F4EEE00D26E6F /* SettingsCell.swift */,
				EDF408202231270900CA6FDF /* PlateCell.swift */,
				ED7253872233919E000BE938 /* BuildingCell.swift */,
				ED72538B2233FA7A000BE938 /* BookingPlateCell.swift */,
				ED1BE8B72237E92900FD26A9 /* OngoingCell.swift */,
				ED6AE51A2239E4590057E453 /* ImagesOngoingCell.swift */,
				ED448E68223A7B5500BAAEF4 /* ReceiptsCell.swift */,
				ED01162B223E82650047AD40 /* HistoryCell.swift */,
				EDDB03F9223FCF7B005845A9 /* BuildingActionCell.swift */,
				EDDB03FD223FFCB8005845A9 /* TicketCell.swift */,
				EDBCC8032244692F004AAF42 /* ReceiptTicketCell.swift */,
				EDFBB77F224870A500BB8246 /* StoreCell.swift */,
				EDFBB78C2248A73A00BB8246 /* ProductCell.swift */,
				ED55126B224F119C0052A86E /* OpponentChatCell.swift */,
				ED55126D224F11B20052A86E /* MyChatImageCell.swift */,
				ED55126F224F11C40052A86E /* OpponentChatImageCell.swift */,
			);
			path = CellController;
			sourceTree = "<group>";
		};
		ED2B0B122223BA29004AF051 /* Helper */ = {
			isa = PBXGroup;
			children = (
				ED2B0B132223BA3A004AF051 /* PublicFunction.swift */,
				EDA224E12224C96100291B68 /* CentralOperation.swift */,
				EDA224EB22258E6400291B68 /* AbstractOperation.swift */,
				ED756B7B2227566D00C4C88A /* StaticVar.swift */,
				ED305C35222A1D94002744A6 /* CarouselFlowLayout.swift */,
				ED9A3428222F83BC00D26E6F /* InteractiveRecognizer.swift */,
				ED2A1AEC222FC34E007E09DB /* ImagePickerManager.swift */,
				ED1BE8BB223877D200FD26A9 /* CustomTimer.swift */,
				EDBCC80922449584004AAF42 /* Barcode.swift */,
				ED589BC62252CF6A003FE6D7 /* ScaledHeightImageView.swift */,
				ED42AE83225D8E5300C2DDEB /* InternetReachability.swift */,
				ED42AE8D225DA72200C2DDEB /* NetworkManager.swift */,
				EDF224D5227FA043008A1157 /* Networking.swift */,
			);
			path = Helper;
			sourceTree = "<group>";
		};
		ED42AE76225D7F6400C2DDEB /* Auth */ = {
			isa = PBXGroup;
			children = (
				EDA224E92225792E00291B68 /* AgreementsController.swift */,
				ED2B0B102223B85B004AF051 /* LoginRegisterController.swift */,
				ED2B0B152223D1D9004AF051 /* LoginController.swift */,
				ED2B0B172224137B004AF051 /* ForgotPasswordController.swift */,
				EDA224E32224C97E00291B68 /* RegisterController.swift */,
				EDA224E52224CA3800291B68 /* Enter4DigitResetPasswordController.swift */,
			);
			path = Auth;
			sourceTree = "<group>";
		};
		ED42AE77225D7F7600C2DDEB /* Booking */ = {
			isa = PBXGroup;
			children = (
				EDFBB77D2248666100BB8246 /* StoreController.swift */,
				EDFBB78E2248A97000BB8246 /* DetailStoreController.swift */,
				EDDB03FB223FF3C3005845A9 /* TicketController.swift */,
				ED10ECD0224309530028161E /* TicketDetailController.swift */,
				EDA224E72225761C00291B68 /* HomeController.swift */,
				EDED07A02233860600BB8CBD /* BuildingController.swift */,
				ED7253892233E347000BE938 /* BookingController.swift */,
				ED976D0F2236912D00EF8354 /* BookingAgreementController.swift */,
				EDCDDF8D2285023800E4FF2B /* VoucherController.swift */,
				EDCDDF8F22850CC200E4FF2B /* DetailVoucherController.swift */,
			);
			path = Booking;
			sourceTree = "<group>";
		};
		ED42AE78225D7F8400C2DDEB /* OnGoing */ = {
			isa = PBXGroup;
			children = (
				ED10ECD22243B4780028161E /* TabOngoingController.swift */,
				ED10ECD42243B8970028161E /* ParkingController.swift */,
				ED10ECD62243B8AB0028161E /* TicketingController.swift */,
				EDBCC80722448C84004AAF42 /* TicketDetailReceiptController.swift */,
				ED1BE8B52237DF6D00FD26A9 /* OngoingController.swift */,
				ED6AE5122239413A0057E453 /* DirectionController.swift */,
				ED6AE514223947850057E453 /* QrCodeController.swift */,
				ED6AE5182239CB530057E453 /* OngoingInfoController.swift */,
			);
			path = OnGoing;
			sourceTree = "<group>";
		};
		ED42AE79225D7F8D00C2DDEB /* Receipts */ = {
			isa = PBXGroup;
			children = (
				ED448E66223A75DE00BAAEF4 /* ReceiptsController.swift */,
				ED448E6C223B41FC00BAAEF4 /* SendReceiptController.swift */,
			);
			path = Receipts;
			sourceTree = "<group>";
		};
		ED42AE7A225D7F9300C2DDEB /* MyCard */ = {
			isa = PBXGroup;
			children = (
				ED448E6E223CDFA700BAAEF4 /* MyCardController.swift */,
				ED011627223D29DD0047AD40 /* TopupController.swift */,
			);
			path = MyCard;
			sourceTree = "<group>";
		};
		ED42AE7B225D825A00C2DDEB /* Base */ = {
			isa = PBXGroup;
			children = (
				ED42AE7C225D826C00C2DDEB /* BaseViewController.swift */,
			);
			path = Base;
			sourceTree = "<group>";
		};
		ED42AE7E225D831600C2DDEB /* Settings */ = {
			isa = PBXGroup;
			children = (
				ED9A3420222F4AC400D26E6F /* SettingsController.swift */,
				ED9A3426222F77CC00D26E6F /* AccountsController.swift */,
				EDF4081C223120A400CA6FDF /* LicensePlateController.swift */,
			);
			path = Settings;
			sourceTree = "<group>";
		};
		ED42AE8F2261602200C2DDEB /* Messaging */ = {
			isa = PBXGroup;
			children = (
				ED551275224F19780052A86E /* ChatController.swift */,
				ED589BC422519A35003FE6D7 /* ImagePreviewController.swift */,
			);
			path = Messaging;
			sourceTree = "<group>";
		};
		ED4F64822246F216007DCD18 /* OneSignalNotificationServiceExtension */ = {
			isa = PBXGroup;
			children = (
				ED4F64832246F216007DCD18 /* NotificationService.swift */,
				ED4F64852246F216007DCD18 /* Info.plist */,
			);
			path = OneSignalNotificationServiceExtension;
			sourceTree = "<group>";
		};
		ED551260224F057C0052A86E /* Nib Cell */ = {
			isa = PBXGroup;
			children = (
				ED551261224F059A0052A86E /* MyChatCell.xib */,
				ED551263224F05B00052A86E /* OpponentChatCell.xib */,
				ED551265224F05C70052A86E /* MyChatImageCell.xib */,
				ED551267224F05D50052A86E /* OpponentChatImageCell.xib */,
			);
			path = "Nib Cell";
			sourceTree = "<group>";
		};
		EDFBB787224899B000BB8246 /* Nib */ = {
			isa = PBXGroup;
			children = (
				EDFBB78822489A5C00BB8246 /* StoreHeaderReusableView.swift */,
				EDFBB78A22489AA000BB8246 /* StoreHeaderReusableView.xib */,
				EDA8438B224CEDFB0054D580 /* StadionHeaderReusableView.xib */,
				EDA8438D224CEFE60054D580 /* StadionHeaderReusableView.swift */,
				ED42AE85225D941700C2DDEB /* NoConnectionView.xib */,
				ED42AE89225D94D700C2DDEB /* NibView.swift */,
				ED42AE8B225D953D00C2DDEB /* NoConnectionView.swift */,
			);
			path = Nib;
			sourceTree = "<group>";
		};
/* End PBXGroup section */

/* Begin PBXNativeTarget section */
		ED2B0AF0222387ED004AF051 /* Agen Parkir */ = {
			isa = PBXNativeTarget;
			buildConfigurationList = ED2B0B03222387EE004AF051 /* Build configuration list for PBXNativeTarget "Agen Parkir" */;
			buildPhases = (
				975ADE77DC7BA405A1D7D04B /* [CP] Check Pods Manifest.lock */,
				ED2B0AED222387ED004AF051 /* Sources */,
				ED2B0AEE222387ED004AF051 /* Frameworks */,
				ED2B0AEF222387ED004AF051 /* Resources */,
				543FBC9FBB7ECD8B2F0377F0 /* [CP] Embed Pods Frameworks */,
				B4891292D9EE37BCD80E62AC /* [CP] Copy Pods Resources */,
				ED4F648C2246F216007DCD18 /* Embed App Extensions */,
				EDD7051B22560DE00000EEA0 /* ShellScript */,
			);
			buildRules = (
			);
			dependencies = (
				ED4F64872246F216007DCD18 /* PBXTargetDependency */,
			);
			name = "Agen Parkir";
			productName = "Agen Parkir";
			productReference = ED2B0AF1222387ED004AF051 /* Agen Parkir.app */;
			productType = "com.apple.product-type.application";
		};
		ED4F64802246F216007DCD18 /* OneSignalNotificationServiceExtension */ = {
			isa = PBXNativeTarget;
			buildConfigurationList = ED4F648B2246F216007DCD18 /* Build configuration list for PBXNativeTarget "OneSignalNotificationServiceExtension" */;
			buildPhases = (
				06D13F851A65CFC100149702 /* [CP] Check Pods Manifest.lock */,
				ED4F647D2246F216007DCD18 /* Sources */,
				ED4F647E2246F216007DCD18 /* Frameworks */,
				ED4F647F2246F216007DCD18 /* Resources */,
			);
			buildRules = (
			);
			dependencies = (
			);
			name = OneSignalNotificationServiceExtension;
			productName = OneSignalNotificationServiceExtension;
			productReference = ED4F64812246F216007DCD18 /* OneSignalNotificationServiceExtension.appex */;
			productType = "com.apple.product-type.app-extension";
		};
/* End PBXNativeTarget section */

/* Begin PBXProject section */
		ED2B0AE9222387ED004AF051 /* Project object */ = {
			isa = PBXProject;
			attributes = {
				LastSwiftUpdateCheck = 1010;
				LastUpgradeCheck = 1010;
				ORGANIZATIONNAME = Mika;
				TargetAttributes = {
					ED2B0AF0222387ED004AF051 = {
						CreatedOnToolsVersion = 10.1;
						SystemCapabilities = {
							com.apple.BackgroundModes = {
								enabled = 1;
							};
							com.apple.Maps.iOS = {
								enabled = 0;
							};
							com.apple.Push = {
								enabled = 1;
							};
						};
					};
					ED4F64802246F216007DCD18 = {
						CreatedOnToolsVersion = 10.1;
					};
				};
			};
			buildConfigurationList = ED2B0AEC222387ED004AF051 /* Build configuration list for PBXProject "Agen Parkir" */;
			compatibilityVersion = "Xcode 9.3";
			developmentRegion = en;
			hasScannedForEncodings = 0;
			knownRegions = (
				en,
				Base,
			);
			mainGroup = ED2B0AE8222387ED004AF051;
			productRefGroup = ED2B0AF2222387ED004AF051 /* Products */;
			projectDirPath = "";
			projectRoot = "";
			targets = (
				ED2B0AF0222387ED004AF051 /* Agen Parkir */,
				ED4F64802246F216007DCD18 /* OneSignalNotificationServiceExtension */,
			);
		};
/* End PBXProject section */

/* Begin PBXResourcesBuildPhase section */
		ED2B0AEF222387ED004AF051 /* Resources */ = {
			isa = PBXResourcesBuildPhase;
			buildActionMask = 2147483647;
			files = (
				ED551264224F05B00052A86E /* OpponentChatCell.xib in Resources */,
				EDA8438C224CEDFB0054D580 /* StadionHeaderReusableView.xib in Resources */,
				EDFBB78B22489AA000BB8246 /* StoreHeaderReusableView.xib in Resources */,
				ED2B0AFF222387EE004AF051 /* LaunchScreen.storyboard in Resources */,
				ED2B0AFC222387EE004AF051 /* Assets.xcassets in Resources */,
				ED551266224F05C70052A86E /* MyChatImageCell.xib in Resources */,
				ED551262224F059A0052A86E /* MyChatCell.xib in Resources */,
				ED42AE86225D941700C2DDEB /* NoConnectionView.xib in Resources */,
				EDD7051A22560A6C0000EEA0 /* GoogleService-Info.plist in Resources */,
				ED551268224F05D50052A86E /* OpponentChatImageCell.xib in Resources */,
				ED2B0AFA222387ED004AF051 /* Main.storyboard in Resources */,
			);
			runOnlyForDeploymentPostprocessing = 0;
		};
		ED4F647F2246F216007DCD18 /* Resources */ = {
			isa = PBXResourcesBuildPhase;
			buildActionMask = 2147483647;
			files = (
			);
			runOnlyForDeploymentPostprocessing = 0;
		};
/* End PBXResourcesBuildPhase section */

/* Begin PBXShellScriptBuildPhase section */
		06D13F851A65CFC100149702 /* [CP] Check Pods Manifest.lock */ = {
			isa = PBXShellScriptBuildPhase;
			buildActionMask = 2147483647;
			files = (
			);
			inputPaths = (
				"${PODS_PODFILE_DIR_PATH}/Podfile.lock",
				"${PODS_ROOT}/Manifest.lock",
			);
			name = "[CP] Check Pods Manifest.lock";
			outputPaths = (
				"$(DERIVED_FILE_DIR)/Pods-OneSignalNotificationServiceExtension-checkManifestLockResult.txt",
			);
			runOnlyForDeploymentPostprocessing = 0;
			shellPath = /bin/sh;
			shellScript = "diff \"${PODS_PODFILE_DIR_PATH}/Podfile.lock\" \"${PODS_ROOT}/Manifest.lock\" > /dev/null\nif [ $? != 0 ] ; then\n    # print error to STDERR\n    echo \"error: The sandbox is not in sync with the Podfile.lock. Run 'pod install' or update your CocoaPods installation.\" >&2\n    exit 1\nfi\n# This output is used by Xcode 'outputs' to avoid re-running this script phase.\necho \"SUCCESS\" > \"${SCRIPT_OUTPUT_FILE_0}\"\n";
			showEnvVarsInLog = 0;
		};
		543FBC9FBB7ECD8B2F0377F0 /* [CP] Embed Pods Frameworks */ = {
			isa = PBXShellScriptBuildPhase;
			buildActionMask = 2147483647;
			files = (
			);
			inputPaths = (
				"${SRCROOT}/Pods/Target Support Files/Pods-Agen Parkir/Pods-Agen Parkir-frameworks.sh",
				"${BUILT_PRODUCTS_DIR}/Alamofire/Alamofire.framework",
				"${BUILT_PRODUCTS_DIR}/Bolts/Bolts.framework",
				"${BUILT_PRODUCTS_DIR}/FBSDKCoreKit/FBSDKCoreKit.framework",
				"${BUILT_PRODUCTS_DIR}/FBSDKLoginKit/FBSDKLoginKit.framework",
				"${BUILT_PRODUCTS_DIR}/FacebookCore/FacebookCore.framework",
				"${BUILT_PRODUCTS_DIR}/FacebookLogin/FacebookLogin.framework",
				"${BUILT_PRODUCTS_DIR}/GoogleUtilities/GoogleUtilities.framework",
				"${BUILT_PRODUCTS_DIR}/IQKeyboardManagerSwift/IQKeyboardManagerSwift.framework",
				"${BUILT_PRODUCTS_DIR}/Kingfisher/Kingfisher.framework",
				"${BUILT_PRODUCTS_DIR}/RxAtomic/RxAtomic.framework",
				"${BUILT_PRODUCTS_DIR}/RxCocoa/RxCocoa.framework",
				"${BUILT_PRODUCTS_DIR}/RxSwift/RxSwift.framework",
				"${BUILT_PRODUCTS_DIR}/SVProgressHUD/SVProgressHUD.framework",
				"${BUILT_PRODUCTS_DIR}/ScalingCarousel/ScalingCarousel.framework",
				"${PODS_ROOT}/SendBirdSDK/SendBirdSDK.framework",
				"${PODS_ROOT}/SendBirdSDK/SendBirdSDK.framework.dSYM",
				"${BUILT_PRODUCTS_DIR}/SwiftyJSON/SwiftyJSON.framework",
				"${BUILT_PRODUCTS_DIR}/XLPagerTabStrip/XLPagerTabStrip.framework",
				"${BUILT_PRODUCTS_DIR}/nanopb/nanopb.framework",
			);
			name = "[CP] Embed Pods Frameworks";
			outputPaths = (
				"${TARGET_BUILD_DIR}/${FRAMEWORKS_FOLDER_PATH}/Alamofire.framework",
				"${TARGET_BUILD_DIR}/${FRAMEWORKS_FOLDER_PATH}/Bolts.framework",
				"${TARGET_BUILD_DIR}/${FRAMEWORKS_FOLDER_PATH}/FBSDKCoreKit.framework",
				"${TARGET_BUILD_DIR}/${FRAMEWORKS_FOLDER_PATH}/FBSDKLoginKit.framework",
				"${TARGET_BUILD_DIR}/${FRAMEWORKS_FOLDER_PATH}/FacebookCore.framework",
				"${TARGET_BUILD_DIR}/${FRAMEWORKS_FOLDER_PATH}/FacebookLogin.framework",
				"${TARGET_BUILD_DIR}/${FRAMEWORKS_FOLDER_PATH}/GoogleUtilities.framework",
				"${TARGET_BUILD_DIR}/${FRAMEWORKS_FOLDER_PATH}/IQKeyboardManagerSwift.framework",
				"${TARGET_BUILD_DIR}/${FRAMEWORKS_FOLDER_PATH}/Kingfisher.framework",
				"${TARGET_BUILD_DIR}/${FRAMEWORKS_FOLDER_PATH}/RxAtomic.framework",
				"${TARGET_BUILD_DIR}/${FRAMEWORKS_FOLDER_PATH}/RxCocoa.framework",
				"${TARGET_BUILD_DIR}/${FRAMEWORKS_FOLDER_PATH}/RxSwift.framework",
				"${TARGET_BUILD_DIR}/${FRAMEWORKS_FOLDER_PATH}/SVProgressHUD.framework",
				"${TARGET_BUILD_DIR}/${FRAMEWORKS_FOLDER_PATH}/ScalingCarousel.framework",
				"${TARGET_BUILD_DIR}/${FRAMEWORKS_FOLDER_PATH}/SendBirdSDK.framework",
				"${DWARF_DSYM_FOLDER_PATH}/SendBirdSDK.framework.dSYM",
				"${TARGET_BUILD_DIR}/${FRAMEWORKS_FOLDER_PATH}/SwiftyJSON.framework",
				"${TARGET_BUILD_DIR}/${FRAMEWORKS_FOLDER_PATH}/XLPagerTabStrip.framework",
				"${TARGET_BUILD_DIR}/${FRAMEWORKS_FOLDER_PATH}/nanopb.framework",
			);
			runOnlyForDeploymentPostprocessing = 0;
			shellPath = /bin/sh;
			shellScript = "\"${SRCROOT}/Pods/Target Support Files/Pods-Agen Parkir/Pods-Agen Parkir-frameworks.sh\"\n";
			showEnvVarsInLog = 0;
		};
		975ADE77DC7BA405A1D7D04B /* [CP] Check Pods Manifest.lock */ = {
			isa = PBXShellScriptBuildPhase;
			buildActionMask = 2147483647;
			files = (
			);
			inputPaths = (
				"${PODS_PODFILE_DIR_PATH}/Podfile.lock",
				"${PODS_ROOT}/Manifest.lock",
			);
			name = "[CP] Check Pods Manifest.lock";
			outputPaths = (
				"$(DERIVED_FILE_DIR)/Pods-Agen Parkir-checkManifestLockResult.txt",
			);
			runOnlyForDeploymentPostprocessing = 0;
			shellPath = /bin/sh;
			shellScript = "diff \"${PODS_PODFILE_DIR_PATH}/Podfile.lock\" \"${PODS_ROOT}/Manifest.lock\" > /dev/null\nif [ $? != 0 ] ; then\n    # print error to STDERR\n    echo \"error: The sandbox is not in sync with the Podfile.lock. Run 'pod install' or update your CocoaPods installation.\" >&2\n    exit 1\nfi\n# This output is used by Xcode 'outputs' to avoid re-running this script phase.\necho \"SUCCESS\" > \"${SCRIPT_OUTPUT_FILE_0}\"\n";
			showEnvVarsInLog = 0;
		};
		B4891292D9EE37BCD80E62AC /* [CP] Copy Pods Resources */ = {
			isa = PBXShellScriptBuildPhase;
			buildActionMask = 2147483647;
			files = (
			);
			inputPaths = (
				"${SRCROOT}/Pods/Target Support Files/Pods-Agen Parkir/Pods-Agen Parkir-resources.sh",
				"${PODS_CONFIGURATION_BUILD_DIR}/MidtransKit/MidtransKit.bundle",
			);
			name = "[CP] Copy Pods Resources";
			outputPaths = (
				"${TARGET_BUILD_DIR}/${UNLOCALIZED_RESOURCES_FOLDER_PATH}/MidtransKit.bundle",
			);
			runOnlyForDeploymentPostprocessing = 0;
			shellPath = /bin/sh;
			shellScript = "\"${SRCROOT}/Pods/Target Support Files/Pods-Agen Parkir/Pods-Agen Parkir-resources.sh\"\n";
			showEnvVarsInLog = 0;
		};
		EDD7051B22560DE00000EEA0 /* ShellScript */ = {
			isa = PBXShellScriptBuildPhase;
			buildActionMask = 2147483647;
			files = (
			);
			inputFileListPaths = (
			);
			inputPaths = (
			);
			outputFileListPaths = (
			);
			outputPaths = (
			);
			runOnlyForDeploymentPostprocessing = 0;
			shellPath = /bin/sh;
			shellScript = "# Type a script or drag a script file from your workspace to insert its path.\n\"${PODS_ROOT}/Fabric/run\"\n";
		};
/* End PBXShellScriptBuildPhase section */

/* Begin PBXSourcesBuildPhase section */
		ED2B0AED222387ED004AF051 /* Sources */ = {
			isa = PBXSourcesBuildPhase;
			buildActionMask = 2147483647;
			files = (
				EDF4082522312B9000CA6FDF /* PlateModel.swift in Sources */,
				ED589BC72252CF6A003FE6D7 /* ScaledHeightImageView.swift in Sources */,
				EDF408212231270900CA6FDF /* PlateCell.swift in Sources */,
				ED53C1FB222CBD96005FEBF9 /* UpdatesCell.swift in Sources */,
				EDA224E42224C97E00291B68 /* RegisterController.swift in Sources */,
				ED448E6B223A9FA700BAAEF4 /* ReceiptsModel.swift in Sources */,
				ED2B0B0D22239435004AF051 /* WelcomeCell.swift in Sources */,
				ED2B0B182224137B004AF051 /* ForgotPasswordController.swift in Sources */,
				ED55126A224F11460052A86E /* MyChatCell.swift in Sources */,
				EDA8438E224CEFE60054D580 /* StadionHeaderReusableView.swift in Sources */,
				ED551276224F19780052A86E /* ChatController.swift in Sources */,
				EDDB03FE223FFCB8005845A9 /* TicketCell.swift in Sources */,
				EDDB95B6222A00C800ED2922 /* BillboardModel.swift in Sources */,
				EDFBB782224871B900BB8246 /* StoreModel.swift in Sources */,
				EDED07A12233860600BB8CBD /* BuildingController.swift in Sources */,
				ED2B0B0A222392E8004AF051 /* WelcomeController.swift in Sources */,
				ED55126E224F11B20052A86E /* MyChatImageCell.swift in Sources */,
				EDFBB78D2248A73A00BB8246 /* ProductCell.swift in Sources */,
				ED42AE8E225DA72200C2DDEB /* NetworkManager.swift in Sources */,
				ED42AE7D225D826C00C2DDEB /* BaseViewController.swift in Sources */,
				EDBCC80A22449584004AAF42 /* Barcode.swift in Sources */,
				ED10ECD72243B8AB0028161E /* TicketingController.swift in Sources */,
				ED6AE5132239413A0057E453 /* DirectionController.swift in Sources */,
				ED1BE8BC223877D200FD26A9 /* CustomTimer.swift in Sources */,
				ED551270224F11C40052A86E /* OpponentChatImageCell.swift in Sources */,
				ED2B0B142223BA3A004AF051 /* PublicFunction.swift in Sources */,
				ED2B0B0F222399AC004AF051 /* WelcomeModel.swift in Sources */,
				EDCDDF8E2285023800E4FF2B /* VoucherController.swift in Sources */,
				EDA224E62224CA3800291B68 /* Enter4DigitResetPasswordController.swift in Sources */,
				EDCDDF8A2284C64D00E4FF2B /* VoucherImagesModel.swift in Sources */,
				EDA84390224D27370054D580 /* VenueTicketModel.swift in Sources */,
				EDFBB786224872CA00BB8246 /* ProductModel.swift in Sources */,
				ED448E67223A75DE00BAAEF4 /* ReceiptsController.swift in Sources */,
				ED10ECD1224309530028161E /* TicketDetailController.swift in Sources */,
				ED53C201222E2B73005FEBF9 /* BuildingModel.swift in Sources */,
				ED305C36222A1D94002744A6 /* CarouselFlowLayout.swift in Sources */,
				ED448E6F223CDFA700BAAEF4 /* MyCardController.swift in Sources */,
				EDFBB780224870A500BB8246 /* StoreCell.swift in Sources */,
				ED1BE8BA2237ECE400FD26A9 /* OngoingModel.swift in Sources */,
				EDF4081D223120A400CA6FDF /* LicensePlateController.swift in Sources */,
				ED72538A2233E347000BE938 /* BookingController.swift in Sources */,
				ED448E69223A7B5500BAAEF4 /* ReceiptsCell.swift in Sources */,
				ED6AE515223947850057E453 /* QrCodeController.swift in Sources */,
				EDFBB78922489A5C00BB8246 /* StoreHeaderReusableView.swift in Sources */,
				EDDB03FA223FCF7B005845A9 /* BuildingActionCell.swift in Sources */,
				EDA224EC22258E6400291B68 /* AbstractOperation.swift in Sources */,
				EDFBB77E2248666100BB8246 /* StoreController.swift in Sources */,
				ED53C1FF222DFF36005FEBF9 /* CurrentModel.swift in Sources */,
				ED7253882233919E000BE938 /* BuildingCell.swift in Sources */,
				EDFBB7842248725100BB8246 /* StoreDetailModel.swift in Sources */,
				ED10ECD52243B8970028161E /* ParkingController.swift in Sources */,
				ED72538C2233FA7A000BE938 /* BookingPlateCell.swift in Sources */,
				EDDB03FC223FF3C3005845A9 /* TicketController.swift in Sources */,
				ED2A1AED222FC34E007E09DB /* ImagePickerManager.swift in Sources */,
				EDDB95AE2228834000ED2922 /* RecentlyParkCell.swift in Sources */,
				EDF224D8227FAC8D008A1157 /* DataModel.swift in Sources */,
				ED9A3425222F4FD100D26E6F /* SettingsModel.swift in Sources */,
				EDA84392224D2D260054D580 /* VenueModel.swift in Sources */,
				ED9A3423222F4EEE00D26E6F /* SettingsCell.swift in Sources */,
				ED9A3421222F4AC400D26E6F /* SettingsController.swift in Sources */,
				ED305C3A222C9AE5002744A6 /* ServicesCell.swift in Sources */,
				EDDB95B4222A003600ED2922 /* BillboardCell.swift in Sources */,
				ED551272224F124B0052A86E /* ChatModel.swift in Sources */,
				EDDB0400223FFD91005845A9 /* TicketModel.swift in Sources */,
				ED011628223D29DD0047AD40 /* TopupController.swift in Sources */,
				ED42AE8C225D953D00C2DDEB /* NoConnectionView.swift in Sources */,
				EDBCC80822448C84004AAF42 /* TicketDetailReceiptController.swift in Sources */,
				ED42AE8A225D94D700C2DDEB /* NibView.swift in Sources */,
				ED2B0AF5222387ED004AF051 /* AppDelegate.swift in Sources */,
				ED6AE5192239CB530057E453 /* OngoingInfoController.swift in Sources */,
				ED1BE8B82237E92900FD26A9 /* OngoingCell.swift in Sources */,
				EDA224E82225761C00291B68 /* HomeController.swift in Sources */,
				EDBCC80622446AB1004AAF42 /* TicketDetailModel.swift in Sources */,
				ED2B0B112223B85B004AF051 /* LoginRegisterController.swift in Sources */,
				ED55126C224F119D0052A86E /* OpponentChatCell.swift in Sources */,
				ED9A3429222F83BC00D26E6F /* InteractiveRecognizer.swift in Sources */,
				ED9A3427222F77CC00D26E6F /* AccountsController.swift in Sources */,
				EDCDDF882284C55100E4FF2B /* VoucherModel.swift in Sources */,
				ED42AE84225D8E5300C2DDEB /* InternetReachability.swift in Sources */,
				ED448E6D223B41FC00BAAEF4 /* SendReceiptController.swift in Sources */,
				EDF224D6227FA043008A1157 /* Networking.swift in Sources */,
				ED6AE51B2239E4590057E453 /* ImagesOngoingCell.swift in Sources */,
				ED53C1FD222CC040005FEBF9 /* UpdatesModel.swift in Sources */,
				ED756B7C2227566D00C4C88A /* StaticVar.swift in Sources */,
				ED01162C223E82650047AD40 /* HistoryCell.swift in Sources */,
				EDF224D2227F9DCF008A1157 /* CoinsModel.swift in Sources */,
				ED756B7A2225F75E00C4C88A /* RegisterModel.swift in Sources */,
				ED305C3C222C9C71002744A6 /* ServicesModel.swift in Sources */,
				ED01162A223E7DA30047AD40 /* HistoryModel.swift in Sources */,
				ED1BE8B62237DF6D00FD26A9 /* OngoingController.swift in Sources */,
				ED2B0B162223D1D9004AF051 /* LoginController.swift in Sources */,
				ED976D102236912D00EF8354 /* BookingAgreementController.swift in Sources */,
				ED10ECD32243B4780028161E /* TabOngoingController.swift in Sources */,
				EDA224E22224C96100291B68 /* CentralOperation.swift in Sources */,
				EDFBB78F2248A97000BB8246 /* DetailStoreController.swift in Sources */,
				EDCDDF9022850CC200E4FF2B /* DetailVoucherController.swift in Sources */,
				ED589BC522519A35003FE6D7 /* ImagePreviewController.swift in Sources */,
				EDA224EA2225792E00291B68 /* AgreementsController.swift in Sources */,
				EDBCC8042244692F004AAF42 /* ReceiptTicketCell.swift in Sources */,
				EDDB95B0222884A600ED2922 /* RecentlyModel.swift in Sources */,
			);
			runOnlyForDeploymentPostprocessing = 0;
		};
		ED4F647D2246F216007DCD18 /* Sources */ = {
			isa = PBXSourcesBuildPhase;
			buildActionMask = 2147483647;
			files = (
				ED4F64842246F216007DCD18 /* NotificationService.swift in Sources */,
			);
			runOnlyForDeploymentPostprocessing = 0;
		};
/* End PBXSourcesBuildPhase section */

/* Begin PBXTargetDependency section */
		ED4F64872246F216007DCD18 /* PBXTargetDependency */ = {
			isa = PBXTargetDependency;
			target = ED4F64802246F216007DCD18 /* OneSignalNotificationServiceExtension */;
			targetProxy = ED4F64862246F216007DCD18 /* PBXContainerItemProxy */;
		};
/* End PBXTargetDependency section */

/* Begin PBXVariantGroup section */
		ED2B0AF8222387ED004AF051 /* Main.storyboard */ = {
			isa = PBXVariantGroup;
			children = (
				ED2B0AF9222387ED004AF051 /* Base */,
			);
			name = Main.storyboard;
			sourceTree = "<group>";
		};
		ED2B0AFD222387EE004AF051 /* LaunchScreen.storyboard */ = {
			isa = PBXVariantGroup;
			children = (
				ED2B0AFE222387EE004AF051 /* Base */,
			);
			name = LaunchScreen.storyboard;
			sourceTree = "<group>";
		};
/* End PBXVariantGroup section */

/* Begin XCBuildConfiguration section */
		ED2B0B01222387EE004AF051 /* Debug */ = {
			isa = XCBuildConfiguration;
			buildSettings = {
				ALWAYS_SEARCH_USER_PATHS = NO;
				CLANG_ANALYZER_NONNULL = YES;
				CLANG_ANALYZER_NUMBER_OBJECT_CONVERSION = YES_AGGRESSIVE;
				CLANG_CXX_LANGUAGE_STANDARD = "gnu++14";
				CLANG_CXX_LIBRARY = "libc++";
				CLANG_ENABLE_MODULES = YES;
				CLANG_ENABLE_OBJC_ARC = YES;
				CLANG_ENABLE_OBJC_WEAK = YES;
				CLANG_WARN_BLOCK_CAPTURE_AUTORELEASING = YES;
				CLANG_WARN_BOOL_CONVERSION = YES;
				CLANG_WARN_COMMA = YES;
				CLANG_WARN_CONSTANT_CONVERSION = YES;
				CLANG_WARN_DEPRECATED_OBJC_IMPLEMENTATIONS = YES;
				CLANG_WARN_DIRECT_OBJC_ISA_USAGE = YES_ERROR;
				CLANG_WARN_DOCUMENTATION_COMMENTS = YES;
				CLANG_WARN_EMPTY_BODY = YES;
				CLANG_WARN_ENUM_CONVERSION = YES;
				CLANG_WARN_INFINITE_RECURSION = YES;
				CLANG_WARN_INT_CONVERSION = YES;
				CLANG_WARN_NON_LITERAL_NULL_CONVERSION = YES;
				CLANG_WARN_OBJC_IMPLICIT_RETAIN_SELF = YES;
				CLANG_WARN_OBJC_LITERAL_CONVERSION = YES;
				CLANG_WARN_OBJC_ROOT_CLASS = YES_ERROR;
				CLANG_WARN_RANGE_LOOP_ANALYSIS = YES;
				CLANG_WARN_STRICT_PROTOTYPES = YES;
				CLANG_WARN_SUSPICIOUS_MOVE = YES;
				CLANG_WARN_UNGUARDED_AVAILABILITY = YES_AGGRESSIVE;
				CLANG_WARN_UNREACHABLE_CODE = YES;
				CLANG_WARN__DUPLICATE_METHOD_MATCH = YES;
				CODE_SIGN_IDENTITY = "iPhone Developer";
				COPY_PHASE_STRIP = NO;
				DEBUG_INFORMATION_FORMAT = dwarf;
				ENABLE_STRICT_OBJC_MSGSEND = YES;
				ENABLE_TESTABILITY = YES;
				GCC_C_LANGUAGE_STANDARD = gnu11;
				GCC_DYNAMIC_NO_PIC = NO;
				GCC_NO_COMMON_BLOCKS = YES;
				GCC_OPTIMIZATION_LEVEL = 0;
				GCC_PREPROCESSOR_DEFINITIONS = (
					"DEBUG=1",
					"$(inherited)",
				);
				GCC_WARN_64_TO_32_BIT_CONVERSION = YES;
				GCC_WARN_ABOUT_RETURN_TYPE = YES_ERROR;
				GCC_WARN_UNDECLARED_SELECTOR = YES;
				GCC_WARN_UNINITIALIZED_AUTOS = YES_AGGRESSIVE;
				GCC_WARN_UNUSED_FUNCTION = YES;
				GCC_WARN_UNUSED_VARIABLE = YES;
				IPHONEOS_DEPLOYMENT_TARGET = 12.1;
				MTL_ENABLE_DEBUG_INFO = INCLUDE_SOURCE;
				MTL_FAST_MATH = YES;
				ONLY_ACTIVE_ARCH = YES;
				SDKROOT = iphoneos;
				SWIFT_ACTIVE_COMPILATION_CONDITIONS = DEBUG;
				SWIFT_OPTIMIZATION_LEVEL = "-Onone";
			};
			name = Debug;
		};
		ED2B0B02222387EE004AF051 /* Release */ = {
			isa = XCBuildConfiguration;
			buildSettings = {
				ALWAYS_SEARCH_USER_PATHS = NO;
				CLANG_ANALYZER_NONNULL = YES;
				CLANG_ANALYZER_NUMBER_OBJECT_CONVERSION = YES_AGGRESSIVE;
				CLANG_CXX_LANGUAGE_STANDARD = "gnu++14";
				CLANG_CXX_LIBRARY = "libc++";
				CLANG_ENABLE_MODULES = YES;
				CLANG_ENABLE_OBJC_ARC = YES;
				CLANG_ENABLE_OBJC_WEAK = YES;
				CLANG_WARN_BLOCK_CAPTURE_AUTORELEASING = YES;
				CLANG_WARN_BOOL_CONVERSION = YES;
				CLANG_WARN_COMMA = YES;
				CLANG_WARN_CONSTANT_CONVERSION = YES;
				CLANG_WARN_DEPRECATED_OBJC_IMPLEMENTATIONS = YES;
				CLANG_WARN_DIRECT_OBJC_ISA_USAGE = YES_ERROR;
				CLANG_WARN_DOCUMENTATION_COMMENTS = YES;
				CLANG_WARN_EMPTY_BODY = YES;
				CLANG_WARN_ENUM_CONVERSION = YES;
				CLANG_WARN_INFINITE_RECURSION = YES;
				CLANG_WARN_INT_CONVERSION = YES;
				CLANG_WARN_NON_LITERAL_NULL_CONVERSION = YES;
				CLANG_WARN_OBJC_IMPLICIT_RETAIN_SELF = YES;
				CLANG_WARN_OBJC_LITERAL_CONVERSION = YES;
				CLANG_WARN_OBJC_ROOT_CLASS = YES_ERROR;
				CLANG_WARN_RANGE_LOOP_ANALYSIS = YES;
				CLANG_WARN_STRICT_PROTOTYPES = YES;
				CLANG_WARN_SUSPICIOUS_MOVE = YES;
				CLANG_WARN_UNGUARDED_AVAILABILITY = YES_AGGRESSIVE;
				CLANG_WARN_UNREACHABLE_CODE = YES;
				CLANG_WARN__DUPLICATE_METHOD_MATCH = YES;
				CODE_SIGN_IDENTITY = "iPhone Developer";
				COPY_PHASE_STRIP = NO;
				DEBUG_INFORMATION_FORMAT = "dwarf-with-dsym";
				ENABLE_NS_ASSERTIONS = NO;
				ENABLE_STRICT_OBJC_MSGSEND = YES;
				GCC_C_LANGUAGE_STANDARD = gnu11;
				GCC_NO_COMMON_BLOCKS = YES;
				GCC_WARN_64_TO_32_BIT_CONVERSION = YES;
				GCC_WARN_ABOUT_RETURN_TYPE = YES_ERROR;
				GCC_WARN_UNDECLARED_SELECTOR = YES;
				GCC_WARN_UNINITIALIZED_AUTOS = YES_AGGRESSIVE;
				GCC_WARN_UNUSED_FUNCTION = YES;
				GCC_WARN_UNUSED_VARIABLE = YES;
				IPHONEOS_DEPLOYMENT_TARGET = 12.1;
				MTL_ENABLE_DEBUG_INFO = NO;
				MTL_FAST_MATH = YES;
				SDKROOT = iphoneos;
				SWIFT_COMPILATION_MODE = wholemodule;
				SWIFT_OPTIMIZATION_LEVEL = "-O";
				VALIDATE_PRODUCT = YES;
			};
			name = Release;
		};
		ED2B0B04222387EE004AF051 /* Debug */ = {
			isa = XCBuildConfiguration;
			baseConfigurationReference = C1624138B458AC3785CB8C43 /* Pods-Agen Parkir.debug.xcconfig */;
			buildSettings = {
				ALWAYS_EMBED_SWIFT_STANDARD_LIBRARIES = YES;
				ASSETCATALOG_COMPILER_APPICON_NAME = AppIcon;
				CODE_SIGN_ENTITLEMENTS = "Agen Parkir/Agen Parkir.entitlements";
				CODE_SIGN_IDENTITY = "iPhone Developer: ABDUL HAMID (4GY9UL6A89)";
				CODE_SIGN_STYLE = Manual;
				DEVELOPMENT_TEAM = 96KV5NBFJU;
				ENABLE_BITCODE = NO;
				INFOPLIST_FILE = "Agen Parkir/Info.plist";
				LD_RUNPATH_SEARCH_PATHS = (
					"$(inherited)",
					"@executable_path/Frameworks",
				);
				OTHER_LDFLAGS = (
					"$(inherited)",
					"-framework",
					"\"Alamofire\"",
					"-framework",
					"\"Foundation\"",
					"-framework",
					"\"IQKeyboardManagerSwift\"",
					"-framework",
					"\"Kingfisher\"",
					"-framework",
					"\"MidtransCoreKit\"",
					"-framework",
					"\"MidtransKit\"",
					"-framework",
					"\"RxAtomic\"",
					"-framework",
					"\"RxCocoa\"",
					"-framework",
					"\"RxSwift\"",
					"-framework",
					"\"SVProgressHUD\"",
					"-framework",
					"\"ScalingCarousel\"",
					"-framework",
					"\"SwiftyJSON\"",
					"-framework",
					"\"UIKit\"",
					"-ObjC",
				);
				PRODUCT_BUNDLE_IDENTIFIER = com.abifam.agenparkir;
				PRODUCT_NAME = "$(TARGET_NAME)";
				PROVISIONING_PROFILE_SPECIFIER = "Agen Parkir Development";
				SWIFT_REFLECTION_METADATA_LEVEL = none;
				SWIFT_VERSION = 4.2;
				TARGETED_DEVICE_FAMILY = 1;
				VALID_ARCHS = "arm64 arm64e armv7 armv7s";
			};
			name = Debug;
		};
		ED2B0B05222387EE004AF051 /* Release */ = {
			isa = XCBuildConfiguration;
			baseConfigurationReference = 324ABBEC1C177E89E286EFD2 /* Pods-Agen Parkir.release.xcconfig */;
			buildSettings = {
				ALWAYS_EMBED_SWIFT_STANDARD_LIBRARIES = YES;
				ASSETCATALOG_COMPILER_APPICON_NAME = AppIcon;
				CODE_SIGN_ENTITLEMENTS = "Agen Parkir/Agen Parkir.entitlements";
				CODE_SIGN_IDENTITY = "iPhone Distribution: ABDUL HAMID (96KV5NBFJU)";
				CODE_SIGN_STYLE = Manual;
				DEVELOPMENT_TEAM = 96KV5NBFJU;
				ENABLE_BITCODE = NO;
				INFOPLIST_FILE = "Agen Parkir/Info.plist";
				LD_RUNPATH_SEARCH_PATHS = (
					"$(inherited)",
					"@executable_path/Frameworks",
				);
				OTHER_LDFLAGS = (
					"$(inherited)",
					"-framework",
					"\"Alamofire\"",
					"-framework",
					"\"Foundation\"",
					"-framework",
					"\"IQKeyboardManagerSwift\"",
					"-framework",
					"\"Kingfisher\"",
					"-framework",
					"\"MidtransCoreKit\"",
					"-framework",
					"\"MidtransKit\"",
					"-framework",
					"\"RxAtomic\"",
					"-framework",
					"\"RxCocoa\"",
					"-framework",
					"\"RxSwift\"",
					"-framework",
					"\"SVProgressHUD\"",
					"-framework",
					"\"ScalingCarousel\"",
					"-framework",
					"\"SwiftyJSON\"",
					"-framework",
					"\"UIKit\"",
					"-ObjC",
				);
				PRODUCT_BUNDLE_IDENTIFIER = com.abifam.agenparkir;
				PRODUCT_NAME = "$(TARGET_NAME)";
				PROVISIONING_PROFILE_SPECIFIER = "Agen Parkir Distribution";
				SWIFT_REFLECTION_METADATA_LEVEL = none;
				SWIFT_VERSION = 4.2;
				TARGETED_DEVICE_FAMILY = 1;
				VALID_ARCHS = "arm64 arm64e armv7 armv7s";
			};
			name = Release;
		};
		ED4F64892246F216007DCD18 /* Debug */ = {
			isa = XCBuildConfiguration;
			baseConfigurationReference = 53B8F7DEA9854D24D7632349 /* Pods-OneSignalNotificationServiceExtension.debug.xcconfig */;
			buildSettings = {
				CODE_SIGN_IDENTITY = "iPhone Developer";
				CODE_SIGN_STYLE = Manual;
				DEVELOPMENT_TEAM = 96KV5NBFJU;
				INFOPLIST_FILE = OneSignalNotificationServiceExtension/Info.plist;
				IPHONEOS_DEPLOYMENT_TARGET = 10.2;
				LD_RUNPATH_SEARCH_PATHS = (
					"$(inherited)",
					"@executable_path/Frameworks",
					"@executable_path/../../Frameworks",
				);
				PRODUCT_BUNDLE_IDENTIFIER = com.abifam.agenparkir.OneSignalNotificationServiceExtension;
				PRODUCT_NAME = "$(TARGET_NAME)";
				PROVISIONING_PROFILE_SPECIFIER = "Agen Parkir One Signal Development";
				SKIP_INSTALL = YES;
				SWIFT_VERSION = 4.2;
				TARGETED_DEVICE_FAMILY = "1,2";
			};
			name = Debug;
		};
		ED4F648A2246F216007DCD18 /* Release */ = {
			isa = XCBuildConfiguration;
			baseConfigurationReference = FD6CA25311C2ED393ADD29B2 /* Pods-OneSignalNotificationServiceExtension.release.xcconfig */;
			buildSettings = {
				CODE_SIGN_IDENTITY = "iPhone Distribution";
				CODE_SIGN_STYLE = Manual;
				DEVELOPMENT_TEAM = 96KV5NBFJU;
				INFOPLIST_FILE = OneSignalNotificationServiceExtension/Info.plist;
				IPHONEOS_DEPLOYMENT_TARGET = 10.2;
				LD_RUNPATH_SEARCH_PATHS = (
					"$(inherited)",
					"@executable_path/Frameworks",
					"@executable_path/../../Frameworks",
				);
				PRODUCT_BUNDLE_IDENTIFIER = com.abifam.agenparkir.OneSignalNotificationServiceExtension;
				PRODUCT_NAME = "$(TARGET_NAME)";
				PROVISIONING_PROFILE_SPECIFIER = "Agen Parkir One Signal Distribution";
				SKIP_INSTALL = YES;
				SWIFT_VERSION = 4.2;
				TARGETED_DEVICE_FAMILY = "1,2";
			};
			name = Release;
		};
/* End XCBuildConfiguration section */

/* Begin XCConfigurationList section */
		ED2B0AEC222387ED004AF051 /* Build configuration list for PBXProject "Agen Parkir" */ = {
			isa = XCConfigurationList;
			buildConfigurations = (
				ED2B0B01222387EE004AF051 /* Debug */,
				ED2B0B02222387EE004AF051 /* Release */,
			);
			defaultConfigurationIsVisible = 0;
			defaultConfigurationName = Release;
		};
		ED2B0B03222387EE004AF051 /* Build configuration list for PBXNativeTarget "Agen Parkir" */ = {
			isa = XCConfigurationList;
			buildConfigurations = (
				ED2B0B04222387EE004AF051 /* Debug */,
				ED2B0B05222387EE004AF051 /* Release */,
			);
			defaultConfigurationIsVisible = 0;
			defaultConfigurationName = Release;
		};
		ED4F648B2246F216007DCD18 /* Build configuration list for PBXNativeTarget "OneSignalNotificationServiceExtension" */ = {
			isa = XCConfigurationList;
			buildConfigurations = (
				ED4F64892246F216007DCD18 /* Debug */,
				ED4F648A2246F216007DCD18 /* Release */,
			);
			defaultConfigurationIsVisible = 0;
			defaultConfigurationName = Release;
		};
/* End XCConfigurationList section */
	};
	rootObject = ED2B0AE9222387ED004AF051 /* Project object */;
}
